PODS:
  - CitrusPay (4.0.0):
    - JSONModel
  - Fabric (1.6.7)
  - JSONModel (1.4.0)
  - TwitterCore (2.3.0):
    - Fabric
  - TwitterKit (2.3.0):
    - TwitterCore (= 2.3.0)

DEPENDENCIES:
  - CitrusPay
  - TwitterKit

SPEC CHECKSUMS:
  CitrusPay: 19089e5a44ef2c6f8fd94ab9790b8025d28215c5
  Fabric: caf7580c725e64db144f610ac65cd60956911dc7
  JSONModel: 58fe3f8c29ff95ed94e7ee7dde87e807f5da5371
  TwitterCore: 817eae3e291fa4125b47789e26a4f6f024115c1f
  TwitterKit: 8a383da8d9c21b0423716381ea8bbfce20622d91

COCOAPODS: 0.39.0
