PODS:
  - CitrusPay (3.6.1):
    - JSONModel
  - Fabric (1.6.7)
  - JSONModel (1.2.0)
  - TwitterCore (2.3.0):
    - Fabric
  - TwitterKit (2.3.0):
    - TwitterCore (= 2.3.0)

DEPENDENCIES:
  - CitrusPay
  - TwitterKit

SPEC CHECKSUMS:
  CitrusPay: 8d27effefe2098517f96c44394ae41becb99de75
  Fabric: caf7580c725e64db144f610ac65cd60956911dc7
  JSONModel: 12523685c4b623553ccf844bbbf7007624317b2c
  TwitterCore: 817eae3e291fa4125b47789e26a4f6f024115c1f
  TwitterKit: 8a383da8d9c21b0423716381ea8bbfce20622d91

PODFILE CHECKSUM: 6b8b80903a3a53f6a449e4a77e49f259cad4e5d4

COCOAPODS: 1.0.1
