PODS:
  - CitrusPay (4.0.0):
    - JSONModel
  - Fabric (1.6.8)
  - JSONModel (1.4.0)
  - TwitterCore (2.4.0):
    - Fabric
  - TwitterKit (2.4.0):
    - TwitterCore (= 2.4.0)

DEPENDENCIES:
  - CitrusPay
  - TwitterKit

SPEC CHECKSUMS:
  CitrusPay: 19089e5a44ef2c6f8fd94ab9790b8025d28215c5
  Fabric: 5755268d0171435ab167e3d0878a28a777deaf10
  JSONModel: 58fe3f8c29ff95ed94e7ee7dde87e807f5da5371
  TwitterCore: a139904c80805ad3dde9eef1100704f96f646d1d
  TwitterKit: 1cf9742edf9d182c1518cfdd6aaac0dfe313b38b

PODFILE CHECKSUM: 248f13d563dcd0b4b4d989d32cbb82bf9180f2c2

COCOAPODS: 1.0.1
