// !$*UTF8*$!
{
	archiveVersion = 1;
	classes = {
	};
	objectVersion = 46;
	objects = {

/* Begin PBXBuildFile section */
		671C44431D4091E4000C94A0 /* LoanViewController.m in Sources */ = {isa = PBXBuildFile; fileRef = 671C44421D4091E4000C94A0 /* LoanViewController.m */; };
		671C44471D4094CA000C94A0 /* BankAccHelper.m in Sources */ = {isa = PBXBuildFile; fileRef = 671C44461D4094CA000C94A0 /* BankAccHelper.m */; };
		6777A4C51D4A008C00BF1EC3 /* RequestConfirmationViewController.m in Sources */ = {isa = PBXBuildFile; fileRef = 6777A4C41D4A008C00BF1EC3 /* RequestConfirmationViewController.m */; };
		6777A4C81D4A125300BF1EC3 /* RepayLoanViewController.m in Sources */ = {isa = PBXBuildFile; fileRef = 6777A4C71D4A125300BF1EC3 /* RepayLoanViewController.m */; };
		6777A4CA1D4A1EE100BF1EC3 /* Calendar_icon.png in Resources */ = {isa = PBXBuildFile; fileRef = 6777A4C91D4A1EE100BF1EC3 /* Calendar_icon.png */; };
		6777A4CC1D4A2FF600BF1EC3 /* close_round_button.png in Resources */ = {isa = PBXBuildFile; fileRef = 6777A4CB1D4A2FF600BF1EC3 /* close_round_button.png */; };
		677A83D61D6327F800CCF822 /* RRCircleView.m in Sources */ = {isa = PBXBuildFile; fileRef = 677A83D41D6327F800CCF822 /* RRCircleView.m */; };
		802EDF43A49A32B470A0D8D8 /* libPods-SocialPockets.a in Frameworks */ = {isa = PBXBuildFile; fileRef = 0455716A8E3A563761CB5AAC /* libPods-SocialPockets.a */; };
		A3083F941D59E1C200476BA3 /* CircleProgressView.m in Sources */ = {isa = PBXBuildFile; fileRef = A3083F931D59E1C200476BA3 /* CircleProgressView.m */; };
		A3253D121D3C9DE90081A59C /* main.m in Sources */ = {isa = PBXBuildFile; fileRef = A3253D111D3C9DE90081A59C /* main.m */; };
		A3253D151D3C9DE90081A59C /* AppDelegate.m in Sources */ = {isa = PBXBuildFile; fileRef = A3253D141D3C9DE90081A59C /* AppDelegate.m */; };
		A3253D181D3C9DE90081A59C /* ViewController.m in Sources */ = {isa = PBXBuildFile; fileRef = A3253D171D3C9DE90081A59C /* ViewController.m */; };
		A3253D1B1D3C9DE90081A59C /* Main.storyboard in Resources */ = {isa = PBXBuildFile; fileRef = A3253D191D3C9DE90081A59C /* Main.storyboard */; };
		A3253D1D1D3C9DE90081A59C /* Assets.xcassets in Resources */ = {isa = PBXBuildFile; fileRef = A3253D1C1D3C9DE90081A59C /* Assets.xcassets */; };
		A3253D201D3C9DE90081A59C /* LaunchScreen.storyboard in Resources */ = {isa = PBXBuildFile; fileRef = A3253D1E1D3C9DE90081A59C /* LaunchScreen.storyboard */; };
		A32FFAD41D5C9BBA00C1A519 /* SocialPockets.xcdatamodeld in Sources */ = {isa = PBXBuildFile; fileRef = A32FFAD21D5C9BBA00C1A519 /* SocialPockets.xcdatamodeld */; };
		A32FFADE1D5C9D4700C1A519 /* UserDetails+CoreDataProperties.m in Sources */ = {isa = PBXBuildFile; fileRef = A32FFAD71D5C9D4700C1A519 /* UserDetails+CoreDataProperties.m */; };
		A32FFADF1D5C9D4700C1A519 /* UserDetails.m in Sources */ = {isa = PBXBuildFile; fileRef = A32FFAD91D5C9D4700C1A519 /* UserDetails.m */; };
		A32FFAE01D5C9D4700C1A519 /* TransactionHistory+CoreDataProperties.m in Sources */ = {isa = PBXBuildFile; fileRef = A32FFADB1D5C9D4700C1A519 /* TransactionHistory+CoreDataProperties.m */; };
		A32FFAE11D5C9D4700C1A519 /* TransactionHistory.m in Sources */ = {isa = PBXBuildFile; fileRef = A32FFADD1D5C9D4700C1A519 /* TransactionHistory.m */; };
		A32FFAE51D5C9D6E00C1A519 /* DatabaseObject.m in Sources */ = {isa = PBXBuildFile; fileRef = A32FFAE41D5C9D6E00C1A519 /* DatabaseObject.m */; };
		A32FFAE81D5C9F1600C1A519 /* TransactionObjectModel.m in Sources */ = {isa = PBXBuildFile; fileRef = A32FFAE71D5C9F1600C1A519 /* TransactionObjectModel.m */; };
		A32FFAEB1D5CA2E500C1A519 /* UserProfileObject.m in Sources */ = {isa = PBXBuildFile; fileRef = A32FFAEA1D5CA2E500C1A519 /* UserProfileObject.m */; };
		A38823E61D5AF566008042D9 /* ActivityIndicatior.m in Sources */ = {isa = PBXBuildFile; fileRef = A38823E31D5AF566008042D9 /* ActivityIndicatior.m */; };
		A38823E71D5AF566008042D9 /* MessagePopUpView.m in Sources */ = {isa = PBXBuildFile; fileRef = A38823E51D5AF566008042D9 /* MessagePopUpView.m */; };
		A38823ED1D5B7158008042D9 /* Roboto-Bold.ttf in Resources */ = {isa = PBXBuildFile; fileRef = A38823E91D5B7158008042D9 /* Roboto-Bold.ttf */; };
		A38823EE1D5B7158008042D9 /* Roboto-Light.ttf in Resources */ = {isa = PBXBuildFile; fileRef = A38823EA1D5B7158008042D9 /* Roboto-Light.ttf */; };
		A38823EF1D5B7158008042D9 /* Roboto-Medium.ttf in Resources */ = {isa = PBXBuildFile; fileRef = A38823EB1D5B7158008042D9 /* Roboto-Medium.ttf */; };
		A38823F01D5B7158008042D9 /* Roboto-Regular.ttf in Resources */ = {isa = PBXBuildFile; fileRef = A38823EC1D5B7158008042D9 /* Roboto-Regular.ttf */; };
		A389685D1D40DD3F00FA8F14 /* SharedMethods.m in Sources */ = {isa = PBXBuildFile; fileRef = A389685C1D40DD3F00FA8F14 /* SharedMethods.m */; };
		A38968621D40DDF000FA8F14 /* SocialHelper.m in Sources */ = {isa = PBXBuildFile; fileRef = A389685F1D40DDF000FA8F14 /* SocialHelper.m */; };
		A38968631D40DDF000FA8F14 /* SocialSiteViewController.m in Sources */ = {isa = PBXBuildFile; fileRef = A38968611D40DDF000FA8F14 /* SocialSiteViewController.m */; };
		A38968671D40DE1A00FA8F14 /* LoginViewController.m in Sources */ = {isa = PBXBuildFile; fileRef = A38968661D40DE1A00FA8F14 /* LoginViewController.m */; };
		A39209751D48E0B600EBCC6F /* NotificationViewController.m in Sources */ = {isa = PBXBuildFile; fileRef = A39209741D48E0B600EBCC6F /* NotificationViewController.m */; };
		A3AEDCFB1D5DCD4A007FE5C9 /* CoreFoundation.framework in Frameworks */ = {isa = PBXBuildFile; fileRef = A3AEDCFA1D5DCD4A007FE5C9 /* CoreFoundation.framework */; };
		A3AEDCFD1D5DCD52007FE5C9 /* CoreMotion.framework in Frameworks */ = {isa = PBXBuildFile; fileRef = A3AEDCFC1D5DCD52007FE5C9 /* CoreMotion.framework */; };
		A3AEDCFF1D5DCD5A007FE5C9 /* AVFoundation.framework in Frameworks */ = {isa = PBXBuildFile; fileRef = A3AEDCFE1D5DCD5A007FE5C9 /* AVFoundation.framework */; };
		A3AEDD011D5DCD63007FE5C9 /* SystemConfiguration.framework in Frameworks */ = {isa = PBXBuildFile; fileRef = A3AEDD001D5DCD63007FE5C9 /* SystemConfiguration.framework */; };
		A3AEDD031D5DCD6C007FE5C9 /* OpenGLES.framework in Frameworks */ = {isa = PBXBuildFile; fileRef = A3AEDD021D5DCD6C007FE5C9 /* OpenGLES.framework */; };
		A3AEDD061D5DCD97007FE5C9 /* libTestFairy.a in Frameworks */ = {isa = PBXBuildFile; fileRef = A3AEDD041D5DCD97007FE5C9 /* libTestFairy.a */; };
		A3B528F21D49DE7200603451 /* ApplyLoanViewController.m in Sources */ = {isa = PBXBuildFile; fileRef = A3B528F11D49DE7200603451 /* ApplyLoanViewController.m */; };
		A3B528F51D49E09B00603451 /* AboutUsViewController.m in Sources */ = {isa = PBXBuildFile; fileRef = A3B528F41D49E09B00603451 /* AboutUsViewController.m */; };
		A3B528FA1D49E13000603451 /* SignatureView.m in Sources */ = {isa = PBXBuildFile; fileRef = A3B528F71D49E13000603451 /* SignatureView.m */; };
		A3B528FB1D49E13000603451 /* SignatureViewController.m in Sources */ = {isa = PBXBuildFile; fileRef = A3B528F91D49E13000603451 /* SignatureViewController.m */; };
		A3B529211D49E1F200603451 /* IQNSArray+Sort.m in Sources */ = {isa = PBXBuildFile; fileRef = A3B528FF1D49E1F200603451 /* IQNSArray+Sort.m */; };
		A3B529221D49E1F200603451 /* IQUIScrollView+Additions.m in Sources */ = {isa = PBXBuildFile; fileRef = A3B529011D49E1F200603451 /* IQUIScrollView+Additions.m */; };
		A3B529231D49E1F200603451 /* IQUITextFieldView+Additions.m in Sources */ = {isa = PBXBuildFile; fileRef = A3B529031D49E1F200603451 /* IQUITextFieldView+Additions.m */; };
		A3B529241D49E1F200603451 /* IQUIView+Hierarchy.m in Sources */ = {isa = PBXBuildFile; fileRef = A3B529051D49E1F200603451 /* IQUIView+Hierarchy.m */; };
		A3B529251D49E1F200603451 /* IQUIViewController+Additions.m in Sources */ = {isa = PBXBuildFile; fileRef = A3B529071D49E1F200603451 /* IQUIViewController+Additions.m */; };
		A3B529261D49E1F200603451 /* IQUIWindow+Hierarchy.m in Sources */ = {isa = PBXBuildFile; fileRef = A3B529091D49E1F200603451 /* IQUIWindow+Hierarchy.m */; };
		A3B529271D49E1F200603451 /* IQKeyboardManager.m in Sources */ = {isa = PBXBuildFile; fileRef = A3B5290E1D49E1F200603451 /* IQKeyboardManager.m */; };
		A3B529281D49E1F200603451 /* IQKeyboardReturnKeyHandler.m in Sources */ = {isa = PBXBuildFile; fileRef = A3B529101D49E1F200603451 /* IQKeyboardReturnKeyHandler.m */; };
		A3B529291D49E1F200603451 /* IQTextView.m in Sources */ = {isa = PBXBuildFile; fileRef = A3B529131D49E1F200603451 /* IQTextView.m */; };
		A3B5292A1D49E1F200603451 /* IQBarButtonItem.m in Sources */ = {isa = PBXBuildFile; fileRef = A3B529161D49E1F200603451 /* IQBarButtonItem.m */; };
		A3B5292B1D49E1F200603451 /* IQPreviousNextView.m in Sources */ = {isa = PBXBuildFile; fileRef = A3B529181D49E1F200603451 /* IQPreviousNextView.m */; };
		A3B5292C1D49E1F200603451 /* IQTitleBarButtonItem.m in Sources */ = {isa = PBXBuildFile; fileRef = A3B5291A1D49E1F200603451 /* IQTitleBarButtonItem.m */; };
		A3B5292D1D49E1F200603451 /* IQToolbar.m in Sources */ = {isa = PBXBuildFile; fileRef = A3B5291C1D49E1F200603451 /* IQToolbar.m */; };
		A3B5292E1D49E1F200603451 /* IQUIView+IQKeyboardToolbar.m in Sources */ = {isa = PBXBuildFile; fileRef = A3B5291E1D49E1F200603451 /* IQUIView+IQKeyboardToolbar.m */; };
		A3B5292F1D49E1F200603451 /* IQKeyboardManager.bundle in Resources */ = {isa = PBXBuildFile; fileRef = A3B529201D49E1F200603451 /* IQKeyboardManager.bundle */; };
		A3BFCB5B1D48B02400D99D78 /* bg@3x.png in Resources */ = {isa = PBXBuildFile; fileRef = A3BFCB5A1D48B02400D99D78 /* bg@3x.png */; };
		A3C3C83C1D3DF09F00C65B09 /* LoginHelper.m in Sources */ = {isa = PBXBuildFile; fileRef = A3C3C83B1D3DF09F00C65B09 /* LoginHelper.m */; };
		A3C3C8471D3DF1E000C65B09 /* NetworkHelperClass.m in Sources */ = {isa = PBXBuildFile; fileRef = A3C3C8401D3DF1E000C65B09 /* NetworkHelperClass.m */; };
		A3C3C8481D3DF1E000C65B09 /* NSJSONSerialization+RemovingNulls.m in Sources */ = {isa = PBXBuildFile; fileRef = A3C3C8421D3DF1E000C65B09 /* NSJSONSerialization+RemovingNulls.m */; };
		A3C3C8491D3DF1E000C65B09 /* NSURLSession+SynchronousTask.m in Sources */ = {isa = PBXBuildFile; fileRef = A3C3C8441D3DF1E000C65B09 /* NSURLSession+SynchronousTask.m */; };
		A3C3C84A1D3DF1E000C65B09 /* Reachability.m in Sources */ = {isa = PBXBuildFile; fileRef = A3C3C8461D3DF1E000C65B09 /* Reachability.m */; };
		A3C3C8501D3DF7D500C65B09 /* NSString+AdditionalMethods.m in Sources */ = {isa = PBXBuildFile; fileRef = A3C3C84F1D3DF7D500C65B09 /* NSString+AdditionalMethods.m */; };
		A3C3C88B1D3F4AE300C65B09 /* SocialPocketsTests.m in Sources */ = {isa = PBXBuildFile; fileRef = A3C3C88A1D3F4AE300C65B09 /* SocialPocketsTests.m */; };
		A3C3C8961D3F7B2F00C65B09 /* ChangePasswordController.m in Sources */ = {isa = PBXBuildFile; fileRef = A3C3C8951D3F7B2F00C65B09 /* ChangePasswordController.m */; };
		A3C3C89A1D3F837000C65B09 /* RegistrationModel.m in Sources */ = {isa = PBXBuildFile; fileRef = A3C3C8991D3F837000C65B09 /* RegistrationModel.m */; };
		A3C3C89D1D3F837700C65B09 /* RegistrationViewController.m in Sources */ = {isa = PBXBuildFile; fileRef = A3C3C89C1D3F837700C65B09 /* RegistrationViewController.m */; };
		A3C3C8A11D3F86CF00C65B09 /* ProfileViewController.m in Sources */ = {isa = PBXBuildFile; fileRef = A3C3C8A01D3F86CF00C65B09 /* ProfileViewController.m */; };
		A3C3C8A41D3F86EC00C65B09 /* ProfileModel.m in Sources */ = {isa = PBXBuildFile; fileRef = A3C3C8A31D3F86EC00C65B09 /* ProfileModel.m */; };
		A3C3C8A71D3F928C00C65B09 /* OTPViewController.m in Sources */ = {isa = PBXBuildFile; fileRef = A3C3C8A61D3F928C00C65B09 /* OTPViewController.m */; };
		A3C3C8AA1D3FB4AF00C65B09 /* LoanHelper.m in Sources */ = {isa = PBXBuildFile; fileRef = A3C3C8A91D3FB4AF00C65B09 /* LoanHelper.m */; };
		A3D65A831D460BA100B47E46 /* CameraFrameWork.framework in Frameworks */ = {isa = PBXBuildFile; fileRef = A3D65A821D460BA100B47E46 /* CameraFrameWork.framework */; };
		A3D65A841D460BA100B47E46 /* CameraFrameWork.framework in Embed Frameworks */ = {isa = PBXBuildFile; fileRef = A3D65A821D460BA100B47E46 /* CameraFrameWork.framework */; settings = {ATTRIBUTES = (CodeSignOnCopy, RemoveHeadersOnCopy, ); }; };
		A3D65A881D4619A200B47E46 /* RearViewController.m in Sources */ = {isa = PBXBuildFile; fileRef = A3D65A871D4619A200B47E46 /* RearViewController.m */; };
		A3D65A8B1D4619AF00B47E46 /* DashBoardViewController.m in Sources */ = {isa = PBXBuildFile; fileRef = A3D65A8A1D4619AF00B47E46 /* DashBoardViewController.m */; };
		A3D65A931D461A5700B47E46 /* MFSideMenuContainerViewController.m in Sources */ = {isa = PBXBuildFile; fileRef = A3D65A8E1D461A5700B47E46 /* MFSideMenuContainerViewController.m */; };
		A3D65A941D461A5700B47E46 /* MFSideMenuShadow.m in Sources */ = {isa = PBXBuildFile; fileRef = A3D65A901D461A5700B47E46 /* MFSideMenuShadow.m */; };
		A3D65A951D461A5700B47E46 /* UIViewController+MFSideMenuAdditions.m in Sources */ = {isa = PBXBuildFile; fileRef = A3D65A921D461A5700B47E46 /* UIViewController+MFSideMenuAdditions.m */; };
		A3D65A991D461AD100B47E46 /* CustomNavigationController.m in Sources */ = {isa = PBXBuildFile; fileRef = A3D65A981D461AD100B47E46 /* CustomNavigationController.m */; };
		A3D65AA41D46364E00B47E46 /* BackGroud_Home.png in Resources */ = {isa = PBXBuildFile; fileRef = A3D65AA31D46364E00B47E46 /* BackGroud_Home.png */; };
		A3D65AA61D46368800B47E46 /* HowItWorks.png in Resources */ = {isa = PBXBuildFile; fileRef = A3D65AA51D46368800B47E46 /* HowItWorks.png */; };
		A3D65AAB1D46386500B47E46 /* loan.jpg in Resources */ = {isa = PBXBuildFile; fileRef = A3D65AA71D46386500B47E46 /* loan.jpg */; };
		A3D65AAC1D46386500B47E46 /* mobile pocket.jpg in Resources */ = {isa = PBXBuildFile; fileRef = A3D65AA81D46386500B47E46 /* mobile pocket.jpg */; };
		A3D65AAD1D46386500B47E46 /* rating.jpg in Resources */ = {isa = PBXBuildFile; fileRef = A3D65AA91D46386500B47E46 /* rating.jpg */; };
		A3D65AAE1D46386500B47E46 /* Social.jpg in Resources */ = {isa = PBXBuildFile; fileRef = A3D65AAA1D46386500B47E46 /* Social.jpg */; };
		A3D65AB01D4639F700B47E46 /* BackGround_Login.png in Resources */ = {isa = PBXBuildFile; fileRef = A3D65AAF1D4639F700B47E46 /* BackGround_Login.png */; };
		A3D65AB41D463A0F00B47E46 /* sp logo.png in Resources */ = {isa = PBXBuildFile; fileRef = A3D65AB21D463A0F00B47E46 /* sp logo.png */; };
		A3DB484C1D4F8B180047EDF2 /* TransactionHistoryViewController.m in Sources */ = {isa = PBXBuildFile; fileRef = A3DB484B1D4F8B180047EDF2 /* TransactionHistoryViewController.m */; };
		A3EAA2B41D4762210013A952 /* AddBankAccountController.m in Sources */ = {isa = PBXBuildFile; fileRef = A3EAA2B31D4762210013A952 /* AddBankAccountController.m */; };
		FB0342F31D54AE4C00C11019 /* NotificationBG.png in Resources */ = {isa = PBXBuildFile; fileRef = FB0342EF1D54AE4C00C11019 /* NotificationBG.png */; };
		FB0342F41D54AE4C00C11019 /* NotificationBG4S.png in Resources */ = {isa = PBXBuildFile; fileRef = FB0342F01D54AE4C00C11019 /* NotificationBG4S.png */; };
		FB0342F51D54AE4C00C11019 /* NotificationBG6S.png in Resources */ = {isa = PBXBuildFile; fileRef = FB0342F11D54AE4C00C11019 /* NotificationBG6S.png */; };
		FB0342F61D54AE4C00C11019 /* NotificationBG6Splus.png in Resources */ = {isa = PBXBuildFile; fileRef = FB0342F21D54AE4C00C11019 /* NotificationBG6Splus.png */; };
		FB06EF0E1D644D2C00ABF8FE /* ProgressViewController.m in Sources */ = {isa = PBXBuildFile; fileRef = FB06EF0D1D644D2C00ABF8FE /* ProgressViewController.m */; };
		FBAAB8291D422888001C918B /* Podfile in Resources */ = {isa = PBXBuildFile; fileRef = FBAAB8281D422888001C918B /* Podfile */; };
		FBAAB8361D4239D7001C918B /* FBSDKCoreKit.framework in Frameworks */ = {isa = PBXBuildFile; fileRef = FBAAB8331D4239D7001C918B /* FBSDKCoreKit.framework */; };
		FBAAB8371D4239D7001C918B /* FBSDKLoginKit.framework in Frameworks */ = {isa = PBXBuildFile; fileRef = FBAAB8341D4239D7001C918B /* FBSDKLoginKit.framework */; };
		FBAAB8381D4239D7001C918B /* FBSDKShareKit.framework in Frameworks */ = {isa = PBXBuildFile; fileRef = FBAAB8351D4239D7001C918B /* FBSDKShareKit.framework */; };
		FBB3A4F11D4F56CA001A7408 /* CollectionTableViewCell.m in Sources */ = {isa = PBXBuildFile; fileRef = FBB3A4EF1D4F56CA001A7408 /* CollectionTableViewCell.m */; };
		FBB3A4F21D4F56CA001A7408 /* CollectionTableViewCell.xib in Resources */ = {isa = PBXBuildFile; fileRef = FBB3A4F01D4F56CA001A7408 /* CollectionTableViewCell.xib */; };
		FBB3A4F61D4F56E1001A7408 /* TableCollectionViewCell.m in Sources */ = {isa = PBXBuildFile; fileRef = FBB3A4F41D4F56E1001A7408 /* TableCollectionViewCell.m */; };
		FBB3A4F71D4F56E1001A7408 /* TableCollectionViewCell.xib in Resources */ = {isa = PBXBuildFile; fileRef = FBB3A4F51D4F56E1001A7408 /* TableCollectionViewCell.xib */; };
		FBB3A4FA1D4F570B001A7408 /* ManageAccountsViewController.m in Sources */ = {isa = PBXBuildFile; fileRef = FBB3A4F91D4F570B001A7408 /* ManageAccountsViewController.m */; };
		FBFC66761D58A0480087F50B /* ForgotPasswordViewController.m in Sources */ = {isa = PBXBuildFile; fileRef = FBFC66751D58A0480087F50B /* ForgotPasswordViewController.m */; };
/* End PBXBuildFile section */

/* Begin PBXContainerItemProxy section */
		A3C3C88D1D3F4AE300C65B09 /* PBXContainerItemProxy */ = {
			isa = PBXContainerItemProxy;
			containerPortal = A3253D051D3C9DE90081A59C /* Project object */;
			proxyType = 1;
			remoteGlobalIDString = A3253D0C1D3C9DE90081A59C;
			remoteInfo = SocialPockets;
		};
/* End PBXContainerItemProxy section */

/* Begin PBXCopyFilesBuildPhase section */
		A3D65A851D460BA100B47E46 /* Embed Frameworks */ = {
			isa = PBXCopyFilesBuildPhase;
			buildActionMask = 2147483647;
			dstPath = "";
			dstSubfolderSpec = 10;
			files = (
				A3D65A841D460BA100B47E46 /* CameraFrameWork.framework in Embed Frameworks */,
			);
			name = "Embed Frameworks";
			runOnlyForDeploymentPostprocessing = 0;
		};
/* End PBXCopyFilesBuildPhase section */

/* Begin PBXFileReference section */
		0455716A8E3A563761CB5AAC /* libPods-SocialPockets.a */ = {isa = PBXFileReference; explicitFileType = archive.ar; includeInIndex = 0; path = "libPods-SocialPockets.a"; sourceTree = BUILT_PRODUCTS_DIR; };
		671C44411D4091E4000C94A0 /* LoanViewController.h */ = {isa = PBXFileReference; fileEncoding = 4; lastKnownFileType = sourcecode.c.h; path = LoanViewController.h; sourceTree = "<group>"; };
		671C44421D4091E4000C94A0 /* LoanViewController.m */ = {isa = PBXFileReference; fileEncoding = 4; lastKnownFileType = sourcecode.c.objc; path = LoanViewController.m; sourceTree = "<group>"; };
		671C44451D4094CA000C94A0 /* BankAccHelper.h */ = {isa = PBXFileReference; fileEncoding = 4; lastKnownFileType = sourcecode.c.h; path = BankAccHelper.h; sourceTree = "<group>"; };
		671C44461D4094CA000C94A0 /* BankAccHelper.m */ = {isa = PBXFileReference; fileEncoding = 4; lastKnownFileType = sourcecode.c.objc; path = BankAccHelper.m; sourceTree = "<group>"; };
		6777A4C31D4A008C00BF1EC3 /* RequestConfirmationViewController.h */ = {isa = PBXFileReference; fileEncoding = 4; lastKnownFileType = sourcecode.c.h; path = RequestConfirmationViewController.h; sourceTree = "<group>"; };
		6777A4C41D4A008C00BF1EC3 /* RequestConfirmationViewController.m */ = {isa = PBXFileReference; fileEncoding = 4; lastKnownFileType = sourcecode.c.objc; path = RequestConfirmationViewController.m; sourceTree = "<group>"; };
		6777A4C61D4A125300BF1EC3 /* RepayLoanViewController.h */ = {isa = PBXFileReference; fileEncoding = 4; lastKnownFileType = sourcecode.c.h; path = RepayLoanViewController.h; sourceTree = "<group>"; };
		6777A4C71D4A125300BF1EC3 /* RepayLoanViewController.m */ = {isa = PBXFileReference; fileEncoding = 4; lastKnownFileType = sourcecode.c.objc; path = RepayLoanViewController.m; sourceTree = "<group>"; };
		6777A4C91D4A1EE100BF1EC3 /* Calendar_icon.png */ = {isa = PBXFileReference; lastKnownFileType = image.png; path = Calendar_icon.png; sourceTree = "<group>"; };
		6777A4CB1D4A2FF600BF1EC3 /* close_round_button.png */ = {isa = PBXFileReference; lastKnownFileType = image.png; path = close_round_button.png; sourceTree = "<group>"; };
		677A83D41D6327F800CCF822 /* RRCircleView.m */ = {isa = PBXFileReference; fileEncoding = 4; lastKnownFileType = sourcecode.c.objc; path = RRCircleView.m; sourceTree = "<group>"; };
		677A83D51D6327F800CCF822 /* RRCircleView.h */ = {isa = PBXFileReference; fileEncoding = 4; lastKnownFileType = sourcecode.c.h; path = RRCircleView.h; sourceTree = "<group>"; };
		853DFEBFFD11370D4A6D76B8 /* Pods-SocialPockets.release.xcconfig */ = {isa = PBXFileReference; includeInIndex = 1; lastKnownFileType = text.xcconfig; name = "Pods-SocialPockets.release.xcconfig"; path = "Pods/Target Support Files/Pods-SocialPockets/Pods-SocialPockets.release.xcconfig"; sourceTree = "<group>"; };
		A3083F921D59E1C200476BA3 /* CircleProgressView.h */ = {isa = PBXFileReference; fileEncoding = 4; lastKnownFileType = sourcecode.c.h; path = CircleProgressView.h; sourceTree = "<group>"; };
		A3083F931D59E1C200476BA3 /* CircleProgressView.m */ = {isa = PBXFileReference; fileEncoding = 4; lastKnownFileType = sourcecode.c.objc; path = CircleProgressView.m; sourceTree = "<group>"; };
		A3253D0D1D3C9DE90081A59C /* SocialPockets.app */ = {isa = PBXFileReference; explicitFileType = wrapper.application; includeInIndex = 0; path = SocialPockets.app; sourceTree = BUILT_PRODUCTS_DIR; };
		A3253D111D3C9DE90081A59C /* main.m */ = {isa = PBXFileReference; lastKnownFileType = sourcecode.c.objc; path = main.m; sourceTree = "<group>"; };
		A3253D131D3C9DE90081A59C /* AppDelegate.h */ = {isa = PBXFileReference; lastKnownFileType = sourcecode.c.h; path = AppDelegate.h; sourceTree = "<group>"; };
		A3253D141D3C9DE90081A59C /* AppDelegate.m */ = {isa = PBXFileReference; lastKnownFileType = sourcecode.c.objc; path = AppDelegate.m; sourceTree = "<group>"; };
		A3253D161D3C9DE90081A59C /* ViewController.h */ = {isa = PBXFileReference; lastKnownFileType = sourcecode.c.h; path = ViewController.h; sourceTree = "<group>"; };
		A3253D171D3C9DE90081A59C /* ViewController.m */ = {isa = PBXFileReference; lastKnownFileType = sourcecode.c.objc; path = ViewController.m; sourceTree = "<group>"; };
		A3253D1A1D3C9DE90081A59C /* Base */ = {isa = PBXFileReference; lastKnownFileType = file.storyboard; name = Base; path = Base.lproj/Main.storyboard; sourceTree = "<group>"; };
		A3253D1C1D3C9DE90081A59C /* Assets.xcassets */ = {isa = PBXFileReference; lastKnownFileType = folder.assetcatalog; path = Assets.xcassets; sourceTree = "<group>"; };
		A3253D1F1D3C9DE90081A59C /* Base */ = {isa = PBXFileReference; lastKnownFileType = file.storyboard; name = Base; path = Base.lproj/LaunchScreen.storyboard; sourceTree = "<group>"; };
		A3253D211D3C9DE90081A59C /* Info.plist */ = {isa = PBXFileReference; lastKnownFileType = text.plist.xml; path = Info.plist; sourceTree = "<group>"; };
		A32FFAD31D5C9BBA00C1A519 /* SocialPockets.xcdatamodel */ = {isa = PBXFileReference; lastKnownFileType = wrapper.xcdatamodel; path = SocialPockets.xcdatamodel; sourceTree = "<group>"; };
		A32FFAD61D5C9D4700C1A519 /* UserDetails+CoreDataProperties.h */ = {isa = PBXFileReference; fileEncoding = 4; lastKnownFileType = sourcecode.c.h; path = "UserDetails+CoreDataProperties.h"; sourceTree = "<group>"; };
		A32FFAD71D5C9D4700C1A519 /* UserDetails+CoreDataProperties.m */ = {isa = PBXFileReference; fileEncoding = 4; lastKnownFileType = sourcecode.c.objc; path = "UserDetails+CoreDataProperties.m"; sourceTree = "<group>"; };
		A32FFAD81D5C9D4700C1A519 /* UserDetails.h */ = {isa = PBXFileReference; fileEncoding = 4; lastKnownFileType = sourcecode.c.h; path = UserDetails.h; sourceTree = "<group>"; };
		A32FFAD91D5C9D4700C1A519 /* UserDetails.m */ = {isa = PBXFileReference; fileEncoding = 4; lastKnownFileType = sourcecode.c.objc; path = UserDetails.m; sourceTree = "<group>"; };
		A32FFADA1D5C9D4700C1A519 /* TransactionHistory+CoreDataProperties.h */ = {isa = PBXFileReference; fileEncoding = 4; lastKnownFileType = sourcecode.c.h; path = "TransactionHistory+CoreDataProperties.h"; sourceTree = "<group>"; };
		A32FFADB1D5C9D4700C1A519 /* TransactionHistory+CoreDataProperties.m */ = {isa = PBXFileReference; fileEncoding = 4; lastKnownFileType = sourcecode.c.objc; path = "TransactionHistory+CoreDataProperties.m"; sourceTree = "<group>"; };
		A32FFADC1D5C9D4700C1A519 /* TransactionHistory.h */ = {isa = PBXFileReference; fileEncoding = 4; lastKnownFileType = sourcecode.c.h; path = TransactionHistory.h; sourceTree = "<group>"; };
		A32FFADD1D5C9D4700C1A519 /* TransactionHistory.m */ = {isa = PBXFileReference; fileEncoding = 4; lastKnownFileType = sourcecode.c.objc; path = TransactionHistory.m; sourceTree = "<group>"; };
		A32FFAE31D5C9D6E00C1A519 /* DatabaseObject.h */ = {isa = PBXFileReference; fileEncoding = 4; lastKnownFileType = sourcecode.c.h; path = DatabaseObject.h; sourceTree = "<group>"; };
		A32FFAE41D5C9D6E00C1A519 /* DatabaseObject.m */ = {isa = PBXFileReference; fileEncoding = 4; lastKnownFileType = sourcecode.c.objc; path = DatabaseObject.m; sourceTree = "<group>"; };
		A32FFAE61D5C9F1600C1A519 /* TransactionObjectModel.h */ = {isa = PBXFileReference; fileEncoding = 4; lastKnownFileType = sourcecode.c.h; path = TransactionObjectModel.h; sourceTree = "<group>"; };
		A32FFAE71D5C9F1600C1A519 /* TransactionObjectModel.m */ = {isa = PBXFileReference; fileEncoding = 4; lastKnownFileType = sourcecode.c.objc; path = TransactionObjectModel.m; sourceTree = "<group>"; };
		A32FFAE91D5CA2E500C1A519 /* UserProfileObject.h */ = {isa = PBXFileReference; fileEncoding = 4; lastKnownFileType = sourcecode.c.h; path = UserProfileObject.h; sourceTree = "<group>"; };
		A32FFAEA1D5CA2E500C1A519 /* UserProfileObject.m */ = {isa = PBXFileReference; fileEncoding = 4; lastKnownFileType = sourcecode.c.objc; path = UserProfileObject.m; sourceTree = "<group>"; };
		A38823E21D5AF566008042D9 /* ActivityIndicatior.h */ = {isa = PBXFileReference; fileEncoding = 4; lastKnownFileType = sourcecode.c.h; path = ActivityIndicatior.h; sourceTree = "<group>"; };
		A38823E31D5AF566008042D9 /* ActivityIndicatior.m */ = {isa = PBXFileReference; fileEncoding = 4; lastKnownFileType = sourcecode.c.objc; path = ActivityIndicatior.m; sourceTree = "<group>"; };
		A38823E41D5AF566008042D9 /* MessagePopUpView.h */ = {isa = PBXFileReference; fileEncoding = 4; lastKnownFileType = sourcecode.c.h; path = MessagePopUpView.h; sourceTree = "<group>"; };
		A38823E51D5AF566008042D9 /* MessagePopUpView.m */ = {isa = PBXFileReference; fileEncoding = 4; lastKnownFileType = sourcecode.c.objc; path = MessagePopUpView.m; sourceTree = "<group>"; };
		A38823E91D5B7158008042D9 /* Roboto-Bold.ttf */ = {isa = PBXFileReference; lastKnownFileType = file; path = "Roboto-Bold.ttf"; sourceTree = "<group>"; };
		A38823EA1D5B7158008042D9 /* Roboto-Light.ttf */ = {isa = PBXFileReference; lastKnownFileType = file; path = "Roboto-Light.ttf"; sourceTree = "<group>"; };
		A38823EB1D5B7158008042D9 /* Roboto-Medium.ttf */ = {isa = PBXFileReference; lastKnownFileType = file; path = "Roboto-Medium.ttf"; sourceTree = "<group>"; };
		A38823EC1D5B7158008042D9 /* Roboto-Regular.ttf */ = {isa = PBXFileReference; lastKnownFileType = file; path = "Roboto-Regular.ttf"; sourceTree = "<group>"; };
		A389685B1D40DD3F00FA8F14 /* SharedMethods.h */ = {isa = PBXFileReference; fileEncoding = 4; lastKnownFileType = sourcecode.c.h; path = SharedMethods.h; sourceTree = "<group>"; };
		A389685C1D40DD3F00FA8F14 /* SharedMethods.m */ = {isa = PBXFileReference; fileEncoding = 4; lastKnownFileType = sourcecode.c.objc; path = SharedMethods.m; sourceTree = "<group>"; };
		A389685E1D40DDF000FA8F14 /* SocialHelper.h */ = {isa = PBXFileReference; fileEncoding = 4; lastKnownFileType = sourcecode.c.h; path = SocialHelper.h; sourceTree = "<group>"; };
		A389685F1D40DDF000FA8F14 /* SocialHelper.m */ = {isa = PBXFileReference; fileEncoding = 4; lastKnownFileType = sourcecode.c.objc; path = SocialHelper.m; sourceTree = "<group>"; };
		A38968601D40DDF000FA8F14 /* SocialSiteViewController.h */ = {isa = PBXFileReference; fileEncoding = 4; lastKnownFileType = sourcecode.c.h; path = SocialSiteViewController.h; sourceTree = "<group>"; };
		A38968611D40DDF000FA8F14 /* SocialSiteViewController.m */ = {isa = PBXFileReference; fileEncoding = 4; lastKnownFileType = sourcecode.c.objc; path = SocialSiteViewController.m; sourceTree = "<group>"; };
		A38968651D40DE1A00FA8F14 /* LoginViewController.h */ = {isa = PBXFileReference; fileEncoding = 4; lastKnownFileType = sourcecode.c.h; path = LoginViewController.h; sourceTree = "<group>"; };
		A38968661D40DE1A00FA8F14 /* LoginViewController.m */ = {isa = PBXFileReference; fileEncoding = 4; lastKnownFileType = sourcecode.c.objc; path = LoginViewController.m; sourceTree = "<group>"; };
		A39209731D48E0B600EBCC6F /* NotificationViewController.h */ = {isa = PBXFileReference; fileEncoding = 4; lastKnownFileType = sourcecode.c.h; path = NotificationViewController.h; sourceTree = "<group>"; };
		A39209741D48E0B600EBCC6F /* NotificationViewController.m */ = {isa = PBXFileReference; fileEncoding = 4; lastKnownFileType = sourcecode.c.objc; path = NotificationViewController.m; sourceTree = "<group>"; };
		A3AEDCFA1D5DCD4A007FE5C9 /* CoreFoundation.framework */ = {isa = PBXFileReference; lastKnownFileType = wrapper.framework; name = CoreFoundation.framework; path = System/Library/Frameworks/CoreFoundation.framework; sourceTree = SDKROOT; };
		A3AEDCFC1D5DCD52007FE5C9 /* CoreMotion.framework */ = {isa = PBXFileReference; lastKnownFileType = wrapper.framework; name = CoreMotion.framework; path = System/Library/Frameworks/CoreMotion.framework; sourceTree = SDKROOT; };
		A3AEDCFE1D5DCD5A007FE5C9 /* AVFoundation.framework */ = {isa = PBXFileReference; lastKnownFileType = wrapper.framework; name = AVFoundation.framework; path = System/Library/Frameworks/AVFoundation.framework; sourceTree = SDKROOT; };
		A3AEDD001D5DCD63007FE5C9 /* SystemConfiguration.framework */ = {isa = PBXFileReference; lastKnownFileType = wrapper.framework; name = SystemConfiguration.framework; path = System/Library/Frameworks/SystemConfiguration.framework; sourceTree = SDKROOT; };
		A3AEDD021D5DCD6C007FE5C9 /* OpenGLES.framework */ = {isa = PBXFileReference; lastKnownFileType = wrapper.framework; name = OpenGLES.framework; path = System/Library/Frameworks/OpenGLES.framework; sourceTree = SDKROOT; };
		A3AEDD041D5DCD97007FE5C9 /* libTestFairy.a */ = {isa = PBXFileReference; lastKnownFileType = archive.ar; path = libTestFairy.a; sourceTree = "<group>"; };
		A3AEDD051D5DCD97007FE5C9 /* TestFairy.h */ = {isa = PBXFileReference; fileEncoding = 4; lastKnownFileType = sourcecode.c.h; path = TestFairy.h; sourceTree = "<group>"; };
		A3B528F01D49DE7200603451 /* ApplyLoanViewController.h */ = {isa = PBXFileReference; fileEncoding = 4; lastKnownFileType = sourcecode.c.h; path = ApplyLoanViewController.h; sourceTree = "<group>"; };
		A3B528F11D49DE7200603451 /* ApplyLoanViewController.m */ = {isa = PBXFileReference; fileEncoding = 4; lastKnownFileType = sourcecode.c.objc; path = ApplyLoanViewController.m; sourceTree = "<group>"; };
		A3B528F31D49E09B00603451 /* AboutUsViewController.h */ = {isa = PBXFileReference; fileEncoding = 4; lastKnownFileType = sourcecode.c.h; path = AboutUsViewController.h; sourceTree = "<group>"; };
		A3B528F41D49E09B00603451 /* AboutUsViewController.m */ = {isa = PBXFileReference; fileEncoding = 4; lastKnownFileType = sourcecode.c.objc; path = AboutUsViewController.m; sourceTree = "<group>"; };
		A3B528F61D49E13000603451 /* SignatureView.h */ = {isa = PBXFileReference; fileEncoding = 4; lastKnownFileType = sourcecode.c.h; path = SignatureView.h; sourceTree = "<group>"; };
		A3B528F71D49E13000603451 /* SignatureView.m */ = {isa = PBXFileReference; fileEncoding = 4; lastKnownFileType = sourcecode.c.objc; path = SignatureView.m; sourceTree = "<group>"; };
		A3B528F81D49E13000603451 /* SignatureViewController.h */ = {isa = PBXFileReference; fileEncoding = 4; lastKnownFileType = sourcecode.c.h; path = SignatureViewController.h; sourceTree = "<group>"; };
		A3B528F91D49E13000603451 /* SignatureViewController.m */ = {isa = PBXFileReference; fileEncoding = 4; lastKnownFileType = sourcecode.c.objc; path = SignatureViewController.m; sourceTree = "<group>"; };
		A3B528FE1D49E1F200603451 /* IQNSArray+Sort.h */ = {isa = PBXFileReference; fileEncoding = 4; lastKnownFileType = sourcecode.c.h; path = "IQNSArray+Sort.h"; sourceTree = "<group>"; };
		A3B528FF1D49E1F200603451 /* IQNSArray+Sort.m */ = {isa = PBXFileReference; fileEncoding = 4; lastKnownFileType = sourcecode.c.objc; path = "IQNSArray+Sort.m"; sourceTree = "<group>"; };
		A3B529001D49E1F200603451 /* IQUIScrollView+Additions.h */ = {isa = PBXFileReference; fileEncoding = 4; lastKnownFileType = sourcecode.c.h; path = "IQUIScrollView+Additions.h"; sourceTree = "<group>"; };
		A3B529011D49E1F200603451 /* IQUIScrollView+Additions.m */ = {isa = PBXFileReference; fileEncoding = 4; lastKnownFileType = sourcecode.c.objc; path = "IQUIScrollView+Additions.m"; sourceTree = "<group>"; };
		A3B529021D49E1F200603451 /* IQUITextFieldView+Additions.h */ = {isa = PBXFileReference; fileEncoding = 4; lastKnownFileType = sourcecode.c.h; path = "IQUITextFieldView+Additions.h"; sourceTree = "<group>"; };
		A3B529031D49E1F200603451 /* IQUITextFieldView+Additions.m */ = {isa = PBXFileReference; fileEncoding = 4; lastKnownFileType = sourcecode.c.objc; path = "IQUITextFieldView+Additions.m"; sourceTree = "<group>"; };
		A3B529041D49E1F200603451 /* IQUIView+Hierarchy.h */ = {isa = PBXFileReference; fileEncoding = 4; lastKnownFileType = sourcecode.c.h; path = "IQUIView+Hierarchy.h"; sourceTree = "<group>"; };
		A3B529051D49E1F200603451 /* IQUIView+Hierarchy.m */ = {isa = PBXFileReference; fileEncoding = 4; lastKnownFileType = sourcecode.c.objc; path = "IQUIView+Hierarchy.m"; sourceTree = "<group>"; };
		A3B529061D49E1F200603451 /* IQUIViewController+Additions.h */ = {isa = PBXFileReference; fileEncoding = 4; lastKnownFileType = sourcecode.c.h; path = "IQUIViewController+Additions.h"; sourceTree = "<group>"; };
		A3B529071D49E1F200603451 /* IQUIViewController+Additions.m */ = {isa = PBXFileReference; fileEncoding = 4; lastKnownFileType = sourcecode.c.objc; path = "IQUIViewController+Additions.m"; sourceTree = "<group>"; };
		A3B529081D49E1F200603451 /* IQUIWindow+Hierarchy.h */ = {isa = PBXFileReference; fileEncoding = 4; lastKnownFileType = sourcecode.c.h; path = "IQUIWindow+Hierarchy.h"; sourceTree = "<group>"; };
		A3B529091D49E1F200603451 /* IQUIWindow+Hierarchy.m */ = {isa = PBXFileReference; fileEncoding = 4; lastKnownFileType = sourcecode.c.objc; path = "IQUIWindow+Hierarchy.m"; sourceTree = "<group>"; };
		A3B5290B1D49E1F200603451 /* IQKeyboardManagerConstants.h */ = {isa = PBXFileReference; fileEncoding = 4; lastKnownFileType = sourcecode.c.h; path = IQKeyboardManagerConstants.h; sourceTree = "<group>"; };
		A3B5290C1D49E1F200603451 /* IQKeyboardManagerConstantsInternal.h */ = {isa = PBXFileReference; fileEncoding = 4; lastKnownFileType = sourcecode.c.h; path = IQKeyboardManagerConstantsInternal.h; sourceTree = "<group>"; };
		A3B5290D1D49E1F200603451 /* IQKeyboardManager.h */ = {isa = PBXFileReference; fileEncoding = 4; lastKnownFileType = sourcecode.c.h; path = IQKeyboardManager.h; sourceTree = "<group>"; };
		A3B5290E1D49E1F200603451 /* IQKeyboardManager.m */ = {isa = PBXFileReference; fileEncoding = 4; lastKnownFileType = sourcecode.c.objc; path = IQKeyboardManager.m; sourceTree = "<group>"; };
		A3B5290F1D49E1F200603451 /* IQKeyboardReturnKeyHandler.h */ = {isa = PBXFileReference; fileEncoding = 4; lastKnownFileType = sourcecode.c.h; path = IQKeyboardReturnKeyHandler.h; sourceTree = "<group>"; };
		A3B529101D49E1F200603451 /* IQKeyboardReturnKeyHandler.m */ = {isa = PBXFileReference; fileEncoding = 4; lastKnownFileType = sourcecode.c.objc; path = IQKeyboardReturnKeyHandler.m; sourceTree = "<group>"; };
		A3B529121D49E1F200603451 /* IQTextView.h */ = {isa = PBXFileReference; fileEncoding = 4; lastKnownFileType = sourcecode.c.h; path = IQTextView.h; sourceTree = "<group>"; };
		A3B529131D49E1F200603451 /* IQTextView.m */ = {isa = PBXFileReference; fileEncoding = 4; lastKnownFileType = sourcecode.c.objc; path = IQTextView.m; sourceTree = "<group>"; };
		A3B529151D49E1F200603451 /* IQBarButtonItem.h */ = {isa = PBXFileReference; fileEncoding = 4; lastKnownFileType = sourcecode.c.h; path = IQBarButtonItem.h; sourceTree = "<group>"; };
		A3B529161D49E1F200603451 /* IQBarButtonItem.m */ = {isa = PBXFileReference; fileEncoding = 4; lastKnownFileType = sourcecode.c.objc; path = IQBarButtonItem.m; sourceTree = "<group>"; };
		A3B529171D49E1F200603451 /* IQPreviousNextView.h */ = {isa = PBXFileReference; fileEncoding = 4; lastKnownFileType = sourcecode.c.h; path = IQPreviousNextView.h; sourceTree = "<group>"; };
		A3B529181D49E1F200603451 /* IQPreviousNextView.m */ = {isa = PBXFileReference; fileEncoding = 4; lastKnownFileType = sourcecode.c.objc; path = IQPreviousNextView.m; sourceTree = "<group>"; };
		A3B529191D49E1F200603451 /* IQTitleBarButtonItem.h */ = {isa = PBXFileReference; fileEncoding = 4; lastKnownFileType = sourcecode.c.h; path = IQTitleBarButtonItem.h; sourceTree = "<group>"; };
		A3B5291A1D49E1F200603451 /* IQTitleBarButtonItem.m */ = {isa = PBXFileReference; fileEncoding = 4; lastKnownFileType = sourcecode.c.objc; path = IQTitleBarButtonItem.m; sourceTree = "<group>"; };
		A3B5291B1D49E1F200603451 /* IQToolbar.h */ = {isa = PBXFileReference; fileEncoding = 4; lastKnownFileType = sourcecode.c.h; path = IQToolbar.h; sourceTree = "<group>"; };
		A3B5291C1D49E1F200603451 /* IQToolbar.m */ = {isa = PBXFileReference; fileEncoding = 4; lastKnownFileType = sourcecode.c.objc; path = IQToolbar.m; sourceTree = "<group>"; };
		A3B5291D1D49E1F200603451 /* IQUIView+IQKeyboardToolbar.h */ = {isa = PBXFileReference; fileEncoding = 4; lastKnownFileType = sourcecode.c.h; path = "IQUIView+IQKeyboardToolbar.h"; sourceTree = "<group>"; };
		A3B5291E1D49E1F200603451 /* IQUIView+IQKeyboardToolbar.m */ = {isa = PBXFileReference; fileEncoding = 4; lastKnownFileType = sourcecode.c.objc; path = "IQUIView+IQKeyboardToolbar.m"; sourceTree = "<group>"; };
		A3B529201D49E1F200603451 /* IQKeyboardManager.bundle */ = {isa = PBXFileReference; lastKnownFileType = "wrapper.plug-in"; path = IQKeyboardManager.bundle; sourceTree = "<group>"; };
		A3BFCB5A1D48B02400D99D78 /* bg@3x.png */ = {isa = PBXFileReference; lastKnownFileType = image.png; path = "bg@3x.png"; sourceTree = "<group>"; };
		A3C3C83A1D3DF09F00C65B09 /* LoginHelper.h */ = {isa = PBXFileReference; fileEncoding = 4; lastKnownFileType = sourcecode.c.h; path = LoginHelper.h; sourceTree = "<group>"; };
		A3C3C83B1D3DF09F00C65B09 /* LoginHelper.m */ = {isa = PBXFileReference; fileEncoding = 4; lastKnownFileType = sourcecode.c.objc; path = LoginHelper.m; sourceTree = "<group>"; };
		A3C3C83E1D3DF1E000C65B09 /* Constants.h */ = {isa = PBXFileReference; fileEncoding = 4; lastKnownFileType = sourcecode.c.h; path = Constants.h; sourceTree = "<group>"; };
		A3C3C83F1D3DF1E000C65B09 /* NetworkHelperClass.h */ = {isa = PBXFileReference; fileEncoding = 4; lastKnownFileType = sourcecode.c.h; path = NetworkHelperClass.h; sourceTree = "<group>"; };
		A3C3C8401D3DF1E000C65B09 /* NetworkHelperClass.m */ = {isa = PBXFileReference; fileEncoding = 4; lastKnownFileType = sourcecode.c.objc; path = NetworkHelperClass.m; sourceTree = "<group>"; };
		A3C3C8411D3DF1E000C65B09 /* NSJSONSerialization+RemovingNulls.h */ = {isa = PBXFileReference; fileEncoding = 4; lastKnownFileType = sourcecode.c.h; path = "NSJSONSerialization+RemovingNulls.h"; sourceTree = "<group>"; };
		A3C3C8421D3DF1E000C65B09 /* NSJSONSerialization+RemovingNulls.m */ = {isa = PBXFileReference; fileEncoding = 4; lastKnownFileType = sourcecode.c.objc; path = "NSJSONSerialization+RemovingNulls.m"; sourceTree = "<group>"; };
		A3C3C8431D3DF1E000C65B09 /* NSURLSession+SynchronousTask.h */ = {isa = PBXFileReference; fileEncoding = 4; lastKnownFileType = sourcecode.c.h; path = "NSURLSession+SynchronousTask.h"; sourceTree = "<group>"; };
		A3C3C8441D3DF1E000C65B09 /* NSURLSession+SynchronousTask.m */ = {isa = PBXFileReference; fileEncoding = 4; lastKnownFileType = sourcecode.c.objc; path = "NSURLSession+SynchronousTask.m"; sourceTree = "<group>"; };
		A3C3C8451D3DF1E000C65B09 /* Reachability.h */ = {isa = PBXFileReference; fileEncoding = 4; lastKnownFileType = sourcecode.c.h; path = Reachability.h; sourceTree = "<group>"; };
		A3C3C8461D3DF1E000C65B09 /* Reachability.m */ = {isa = PBXFileReference; fileEncoding = 4; lastKnownFileType = sourcecode.c.objc; path = Reachability.m; sourceTree = "<group>"; };
		A3C3C84C1D3DF22800C65B09 /* ApiHeader.h */ = {isa = PBXFileReference; lastKnownFileType = sourcecode.c.h; path = ApiHeader.h; sourceTree = "<group>"; };
		A3C3C84D1D3DF2A200C65B09 /* SocialPockets-Prefix.pch */ = {isa = PBXFileReference; fileEncoding = 4; lastKnownFileType = sourcecode.c.h; path = "SocialPockets-Prefix.pch"; sourceTree = "<group>"; };
		A3C3C84E1D3DF7D500C65B09 /* NSString+AdditionalMethods.h */ = {isa = PBXFileReference; fileEncoding = 4; lastKnownFileType = sourcecode.c.h; path = "NSString+AdditionalMethods.h"; sourceTree = "<group>"; };
		A3C3C84F1D3DF7D500C65B09 /* NSString+AdditionalMethods.m */ = {isa = PBXFileReference; fileEncoding = 4; lastKnownFileType = sourcecode.c.objc; path = "NSString+AdditionalMethods.m"; sourceTree = "<group>"; };
		A3C3C8881D3F4AE300C65B09 /* SocialPocketsTests.xctest */ = {isa = PBXFileReference; explicitFileType = wrapper.cfbundle; includeInIndex = 0; path = SocialPocketsTests.xctest; sourceTree = BUILT_PRODUCTS_DIR; };
		A3C3C88A1D3F4AE300C65B09 /* SocialPocketsTests.m */ = {isa = PBXFileReference; lastKnownFileType = sourcecode.c.objc; path = SocialPocketsTests.m; sourceTree = "<group>"; };
		A3C3C88C1D3F4AE300C65B09 /* Info.plist */ = {isa = PBXFileReference; lastKnownFileType = text.plist.xml; path = Info.plist; sourceTree = "<group>"; };
		A3C3C8941D3F7B2F00C65B09 /* ChangePasswordController.h */ = {isa = PBXFileReference; fileEncoding = 4; lastKnownFileType = sourcecode.c.h; path = ChangePasswordController.h; sourceTree = "<group>"; };
		A3C3C8951D3F7B2F00C65B09 /* ChangePasswordController.m */ = {isa = PBXFileReference; fileEncoding = 4; lastKnownFileType = sourcecode.c.objc; path = ChangePasswordController.m; sourceTree = "<group>"; };
		A3C3C8981D3F837000C65B09 /* RegistrationModel.h */ = {isa = PBXFileReference; fileEncoding = 4; lastKnownFileType = sourcecode.c.h; path = RegistrationModel.h; sourceTree = "<group>"; };
		A3C3C8991D3F837000C65B09 /* RegistrationModel.m */ = {isa = PBXFileReference; fileEncoding = 4; lastKnownFileType = sourcecode.c.objc; path = RegistrationModel.m; sourceTree = "<group>"; };
		A3C3C89B1D3F837700C65B09 /* RegistrationViewController.h */ = {isa = PBXFileReference; fileEncoding = 4; lastKnownFileType = sourcecode.c.h; path = RegistrationViewController.h; sourceTree = "<group>"; };
		A3C3C89C1D3F837700C65B09 /* RegistrationViewController.m */ = {isa = PBXFileReference; fileEncoding = 4; lastKnownFileType = sourcecode.c.objc; path = RegistrationViewController.m; sourceTree = "<group>"; };
		A3C3C89F1D3F86CF00C65B09 /* ProfileViewController.h */ = {isa = PBXFileReference; fileEncoding = 4; lastKnownFileType = sourcecode.c.h; path = ProfileViewController.h; sourceTree = "<group>"; };
		A3C3C8A01D3F86CF00C65B09 /* ProfileViewController.m */ = {isa = PBXFileReference; fileEncoding = 4; lastKnownFileType = sourcecode.c.objc; path = ProfileViewController.m; sourceTree = "<group>"; };
		A3C3C8A21D3F86EC00C65B09 /* ProfileModel.h */ = {isa = PBXFileReference; fileEncoding = 4; lastKnownFileType = sourcecode.c.h; path = ProfileModel.h; sourceTree = "<group>"; };
		A3C3C8A31D3F86EC00C65B09 /* ProfileModel.m */ = {isa = PBXFileReference; fileEncoding = 4; lastKnownFileType = sourcecode.c.objc; path = ProfileModel.m; sourceTree = "<group>"; };
		A3C3C8A51D3F928C00C65B09 /* OTPViewController.h */ = {isa = PBXFileReference; fileEncoding = 4; lastKnownFileType = sourcecode.c.h; path = OTPViewController.h; sourceTree = "<group>"; };
		A3C3C8A61D3F928C00C65B09 /* OTPViewController.m */ = {isa = PBXFileReference; fileEncoding = 4; lastKnownFileType = sourcecode.c.objc; path = OTPViewController.m; sourceTree = "<group>"; };
		A3C3C8A81D3FB4AF00C65B09 /* LoanHelper.h */ = {isa = PBXFileReference; fileEncoding = 4; lastKnownFileType = sourcecode.c.h; path = LoanHelper.h; sourceTree = "<group>"; };
		A3C3C8A91D3FB4AF00C65B09 /* LoanHelper.m */ = {isa = PBXFileReference; fileEncoding = 4; lastKnownFileType = sourcecode.c.objc; path = LoanHelper.m; sourceTree = "<group>"; };
		A3D65A821D460BA100B47E46 /* CameraFrameWork.framework */ = {isa = PBXFileReference; lastKnownFileType = wrapper.framework; path = CameraFrameWork.framework; sourceTree = "<group>"; };
		A3D65A861D4619A200B47E46 /* RearViewController.h */ = {isa = PBXFileReference; fileEncoding = 4; lastKnownFileType = sourcecode.c.h; path = RearViewController.h; sourceTree = "<group>"; };
		A3D65A871D4619A200B47E46 /* RearViewController.m */ = {isa = PBXFileReference; fileEncoding = 4; lastKnownFileType = sourcecode.c.objc; path = RearViewController.m; sourceTree = "<group>"; };
		A3D65A891D4619AF00B47E46 /* DashBoardViewController.h */ = {isa = PBXFileReference; fileEncoding = 4; lastKnownFileType = sourcecode.c.h; path = DashBoardViewController.h; sourceTree = "<group>"; };
		A3D65A8A1D4619AF00B47E46 /* DashBoardViewController.m */ = {isa = PBXFileReference; fileEncoding = 4; lastKnownFileType = sourcecode.c.objc; path = DashBoardViewController.m; sourceTree = "<group>"; };
		A3D65A8C1D461A5700B47E46 /* MFSideMenu.h */ = {isa = PBXFileReference; fileEncoding = 4; lastKnownFileType = sourcecode.c.h; path = MFSideMenu.h; sourceTree = "<group>"; };
		A3D65A8D1D461A5700B47E46 /* MFSideMenuContainerViewController.h */ = {isa = PBXFileReference; fileEncoding = 4; lastKnownFileType = sourcecode.c.h; path = MFSideMenuContainerViewController.h; sourceTree = "<group>"; };
		A3D65A8E1D461A5700B47E46 /* MFSideMenuContainerViewController.m */ = {isa = PBXFileReference; fileEncoding = 4; lastKnownFileType = sourcecode.c.objc; path = MFSideMenuContainerViewController.m; sourceTree = "<group>"; };
		A3D65A8F1D461A5700B47E46 /* MFSideMenuShadow.h */ = {isa = PBXFileReference; fileEncoding = 4; lastKnownFileType = sourcecode.c.h; path = MFSideMenuShadow.h; sourceTree = "<group>"; };
		A3D65A901D461A5700B47E46 /* MFSideMenuShadow.m */ = {isa = PBXFileReference; fileEncoding = 4; lastKnownFileType = sourcecode.c.objc; path = MFSideMenuShadow.m; sourceTree = "<group>"; };
		A3D65A911D461A5700B47E46 /* UIViewController+MFSideMenuAdditions.h */ = {isa = PBXFileReference; fileEncoding = 4; lastKnownFileType = sourcecode.c.h; path = "UIViewController+MFSideMenuAdditions.h"; sourceTree = "<group>"; };
		A3D65A921D461A5700B47E46 /* UIViewController+MFSideMenuAdditions.m */ = {isa = PBXFileReference; fileEncoding = 4; lastKnownFileType = sourcecode.c.objc; path = "UIViewController+MFSideMenuAdditions.m"; sourceTree = "<group>"; };
		A3D65A971D461AD100B47E46 /* CustomNavigationController.h */ = {isa = PBXFileReference; fileEncoding = 4; lastKnownFileType = sourcecode.c.h; path = CustomNavigationController.h; sourceTree = "<group>"; };
		A3D65A981D461AD100B47E46 /* CustomNavigationController.m */ = {isa = PBXFileReference; fileEncoding = 4; lastKnownFileType = sourcecode.c.objc; path = CustomNavigationController.m; sourceTree = "<group>"; };
		A3D65AA31D46364E00B47E46 /* BackGroud_Home.png */ = {isa = PBXFileReference; lastKnownFileType = image.png; path = BackGroud_Home.png; sourceTree = "<group>"; };
		A3D65AA51D46368800B47E46 /* HowItWorks.png */ = {isa = PBXFileReference; lastKnownFileType = image.png; path = HowItWorks.png; sourceTree = "<group>"; };
		A3D65AA71D46386500B47E46 /* loan.jpg */ = {isa = PBXFileReference; lastKnownFileType = image.jpeg; path = loan.jpg; sourceTree = "<group>"; };
		A3D65AA81D46386500B47E46 /* mobile pocket.jpg */ = {isa = PBXFileReference; lastKnownFileType = image.jpeg; path = "mobile pocket.jpg"; sourceTree = "<group>"; };
		A3D65AA91D46386500B47E46 /* rating.jpg */ = {isa = PBXFileReference; lastKnownFileType = image.jpeg; path = rating.jpg; sourceTree = "<group>"; };
		A3D65AAA1D46386500B47E46 /* Social.jpg */ = {isa = PBXFileReference; lastKnownFileType = image.jpeg; path = Social.jpg; sourceTree = "<group>"; };
		A3D65AAF1D4639F700B47E46 /* BackGround_Login.png */ = {isa = PBXFileReference; lastKnownFileType = image.png; path = BackGround_Login.png; sourceTree = "<group>"; };
		A3D65AB21D463A0F00B47E46 /* sp logo.png */ = {isa = PBXFileReference; lastKnownFileType = image.png; path = "sp logo.png"; sourceTree = "<group>"; };
		A3DB484A1D4F8B180047EDF2 /* TransactionHistoryViewController.h */ = {isa = PBXFileReference; fileEncoding = 4; lastKnownFileType = sourcecode.c.h; path = TransactionHistoryViewController.h; sourceTree = "<group>"; };
		A3DB484B1D4F8B180047EDF2 /* TransactionHistoryViewController.m */ = {isa = PBXFileReference; fileEncoding = 4; lastKnownFileType = sourcecode.c.objc; path = TransactionHistoryViewController.m; sourceTree = "<group>"; };
		A3EAA2B21D4762210013A952 /* AddBankAccountController.h */ = {isa = PBXFileReference; fileEncoding = 4; lastKnownFileType = sourcecode.c.h; path = AddBankAccountController.h; sourceTree = "<group>"; };
		A3EAA2B31D4762210013A952 /* AddBankAccountController.m */ = {isa = PBXFileReference; fileEncoding = 4; lastKnownFileType = sourcecode.c.objc; path = AddBankAccountController.m; sourceTree = "<group>"; };
		EF9931AE443B4ADDC7E0B64A /* Pods-SocialPockets.debug.xcconfig */ = {isa = PBXFileReference; includeInIndex = 1; lastKnownFileType = text.xcconfig; name = "Pods-SocialPockets.debug.xcconfig"; path = "Pods/Target Support Files/Pods-SocialPockets/Pods-SocialPockets.debug.xcconfig"; sourceTree = "<group>"; };
		FB0342EF1D54AE4C00C11019 /* NotificationBG.png */ = {isa = PBXFileReference; lastKnownFileType = image.png; path = NotificationBG.png; sourceTree = "<group>"; };
		FB0342F01D54AE4C00C11019 /* NotificationBG4S.png */ = {isa = PBXFileReference; lastKnownFileType = image.png; path = NotificationBG4S.png; sourceTree = "<group>"; };
		FB0342F11D54AE4C00C11019 /* NotificationBG6S.png */ = {isa = PBXFileReference; lastKnownFileType = image.png; path = NotificationBG6S.png; sourceTree = "<group>"; };
		FB0342F21D54AE4C00C11019 /* NotificationBG6Splus.png */ = {isa = PBXFileReference; lastKnownFileType = image.png; path = NotificationBG6Splus.png; sourceTree = "<group>"; };
		FB06EF0C1D644D2C00ABF8FE /* ProgressViewController.h */ = {isa = PBXFileReference; fileEncoding = 4; lastKnownFileType = sourcecode.c.h; path = ProgressViewController.h; sourceTree = "<group>"; };
		FB06EF0D1D644D2C00ABF8FE /* ProgressViewController.m */ = {isa = PBXFileReference; fileEncoding = 4; lastKnownFileType = sourcecode.c.objc; path = ProgressViewController.m; sourceTree = "<group>"; };
		FBAAB8281D422888001C918B /* Podfile */ = {isa = PBXFileReference; fileEncoding = 4; lastKnownFileType = text; path = Podfile; sourceTree = "<group>"; };
		FBAAB8331D4239D7001C918B /* FBSDKCoreKit.framework */ = {isa = PBXFileReference; lastKnownFileType = wrapper.framework; path = FBSDKCoreKit.framework; sourceTree = "<group>"; };
		FBAAB8341D4239D7001C918B /* FBSDKLoginKit.framework */ = {isa = PBXFileReference; lastKnownFileType = wrapper.framework; path = FBSDKLoginKit.framework; sourceTree = "<group>"; };
		FBAAB8351D4239D7001C918B /* FBSDKShareKit.framework */ = {isa = PBXFileReference; lastKnownFileType = wrapper.framework; path = FBSDKShareKit.framework; sourceTree = "<group>"; };
		FBB3A4EE1D4F56CA001A7408 /* CollectionTableViewCell.h */ = {isa = PBXFileReference; fileEncoding = 4; lastKnownFileType = sourcecode.c.h; path = CollectionTableViewCell.h; sourceTree = "<group>"; };
		FBB3A4EF1D4F56CA001A7408 /* CollectionTableViewCell.m */ = {isa = PBXFileReference; fileEncoding = 4; lastKnownFileType = sourcecode.c.objc; path = CollectionTableViewCell.m; sourceTree = "<group>"; };
		FBB3A4F01D4F56CA001A7408 /* CollectionTableViewCell.xib */ = {isa = PBXFileReference; fileEncoding = 4; lastKnownFileType = file.xib; path = CollectionTableViewCell.xib; sourceTree = "<group>"; };
		FBB3A4F31D4F56E1001A7408 /* TableCollectionViewCell.h */ = {isa = PBXFileReference; fileEncoding = 4; lastKnownFileType = sourcecode.c.h; path = TableCollectionViewCell.h; sourceTree = "<group>"; };
		FBB3A4F41D4F56E1001A7408 /* TableCollectionViewCell.m */ = {isa = PBXFileReference; fileEncoding = 4; lastKnownFileType = sourcecode.c.objc; path = TableCollectionViewCell.m; sourceTree = "<group>"; };
		FBB3A4F51D4F56E1001A7408 /* TableCollectionViewCell.xib */ = {isa = PBXFileReference; fileEncoding = 4; lastKnownFileType = file.xib; path = TableCollectionViewCell.xib; sourceTree = "<group>"; };
		FBB3A4F81D4F570B001A7408 /* ManageAccountsViewController.h */ = {isa = PBXFileReference; fileEncoding = 4; lastKnownFileType = sourcecode.c.h; path = ManageAccountsViewController.h; sourceTree = "<group>"; };
		FBB3A4F91D4F570B001A7408 /* ManageAccountsViewController.m */ = {isa = PBXFileReference; fileEncoding = 4; lastKnownFileType = sourcecode.c.objc; path = ManageAccountsViewController.m; sourceTree = "<group>"; };
		FBFC66741D58A0480087F50B /* ForgotPasswordViewController.h */ = {isa = PBXFileReference; fileEncoding = 4; lastKnownFileType = sourcecode.c.h; path = ForgotPasswordViewController.h; sourceTree = "<group>"; };
		FBFC66751D58A0480087F50B /* ForgotPasswordViewController.m */ = {isa = PBXFileReference; fileEncoding = 4; lastKnownFileType = sourcecode.c.objc; path = ForgotPasswordViewController.m; sourceTree = "<group>"; };
/* End PBXFileReference section */

/* Begin PBXFrameworksBuildPhase section */
		A3253D0A1D3C9DE90081A59C /* Frameworks */ = {
			isa = PBXFrameworksBuildPhase;
			buildActionMask = 2147483647;
			files = (
				A3AEDD031D5DCD6C007FE5C9 /* OpenGLES.framework in Frameworks */,
				A3AEDD011D5DCD63007FE5C9 /* SystemConfiguration.framework in Frameworks */,
				A3AEDCFF1D5DCD5A007FE5C9 /* AVFoundation.framework in Frameworks */,
				A3AEDCFD1D5DCD52007FE5C9 /* CoreMotion.framework in Frameworks */,
				A3AEDCFB1D5DCD4A007FE5C9 /* CoreFoundation.framework in Frameworks */,
				FBAAB8381D4239D7001C918B /* FBSDKShareKit.framework in Frameworks */,
				802EDF43A49A32B470A0D8D8 /* libPods-SocialPockets.a in Frameworks */,
				A3AEDD061D5DCD97007FE5C9 /* libTestFairy.a in Frameworks */,
				A3D65A831D460BA100B47E46 /* CameraFrameWork.framework in Frameworks */,
				FBAAB8361D4239D7001C918B /* FBSDKCoreKit.framework in Frameworks */,
				FBAAB8371D4239D7001C918B /* FBSDKLoginKit.framework in Frameworks */,
			);
			runOnlyForDeploymentPostprocessing = 0;
		};
		A3C3C8851D3F4AE300C65B09 /* Frameworks */ = {
			isa = PBXFrameworksBuildPhase;
			buildActionMask = 2147483647;
			files = (
			);
			runOnlyForDeploymentPostprocessing = 0;
		};
/* End PBXFrameworksBuildPhase section */

/* Begin PBXGroup section */
		1A440D39982BE729DDB2E6FA /* Pods */ = {
			isa = PBXGroup;
			children = (
				EF9931AE443B4ADDC7E0B64A /* Pods-SocialPockets.debug.xcconfig */,
				853DFEBFFD11370D4A6D76B8 /* Pods-SocialPockets.release.xcconfig */,
			);
			name = Pods;
			sourceTree = "<group>";
		};
		671C44441D4093C3000C94A0 /* Mobile Wallet */ = {
			isa = PBXGroup;
			children = (
				671C44451D4094CA000C94A0 /* BankAccHelper.h */,
				671C44461D4094CA000C94A0 /* BankAccHelper.m */,
			);
			name = "Mobile Wallet";
			sourceTree = "<group>";
		};
		8475099805C07C9E06A7A1F2 /* Frameworks */ = {
			isa = PBXGroup;
			children = (
				A3AEDD021D5DCD6C007FE5C9 /* OpenGLES.framework */,
				A3AEDD001D5DCD63007FE5C9 /* SystemConfiguration.framework */,
				A3AEDCFE1D5DCD5A007FE5C9 /* AVFoundation.framework */,
				A3AEDCFC1D5DCD52007FE5C9 /* CoreMotion.framework */,
				A3AEDCFA1D5DCD4A007FE5C9 /* CoreFoundation.framework */,
				0455716A8E3A563761CB5AAC /* libPods-SocialPockets.a */,
			);
			name = Frameworks;
			sourceTree = "<group>";
		};
		A3253D041D3C9DE90081A59C = {
			isa = PBXGroup;
			children = (
				FB0342EF1D54AE4C00C11019 /* NotificationBG.png */,
				FB0342F01D54AE4C00C11019 /* NotificationBG4S.png */,
				FB0342F11D54AE4C00C11019 /* NotificationBG6S.png */,
				FB0342F21D54AE4C00C11019 /* NotificationBG6Splus.png */,
				FB06EF0C1D644D2C00ABF8FE /* ProgressViewController.h */,
				FB06EF0D1D644D2C00ABF8FE /* ProgressViewController.m */,
				A3D65A821D460BA100B47E46 /* CameraFrameWork.framework */,
				FBAAB8281D422888001C918B /* Podfile */,
				FBAAB82A1D422B81001C918B /* FrameWork */,
				A3253D0F1D3C9DE90081A59C /* SocialPockets */,
				A3C3C8891D3F4AE300C65B09 /* SocialPocketsTests */,
				A3253D0E1D3C9DE90081A59C /* Products */,
				1A440D39982BE729DDB2E6FA /* Pods */,
				8475099805C07C9E06A7A1F2 /* Frameworks */,
			);
			sourceTree = "<group>";
		};
		A3253D0E1D3C9DE90081A59C /* Products */ = {
			isa = PBXGroup;
			children = (
				A3253D0D1D3C9DE90081A59C /* SocialPockets.app */,
				A3C3C8881D3F4AE300C65B09 /* SocialPocketsTests.xctest */,
			);
			name = Products;
			sourceTree = "<group>";
		};
		A3253D0F1D3C9DE90081A59C /* SocialPockets */ = {
			isa = PBXGroup;
			children = (
				A3253D131D3C9DE90081A59C /* AppDelegate.h */,
				A3253D141D3C9DE90081A59C /* AppDelegate.m */,
				A3AEDD071D5DCD9B007FE5C9 /* Testfairy */,
				A32FFAD51D5C9BFF00C1A519 /* Database */,
				A38823F11D5B7161008042D9 /* RobotoFonts */,
				FBB3A4ED1D4F55F9001A7408 /* ManageAccounts */,
				A3C3C8511D3DFCA700C65B09 /* Categories */,
				A3C3C84B1D3DF1E700C65B09 /* Network */,
				A38968691D40DF1600FA8F14 /* SharedMethods */,
				A38968681D40DF0400FA8F14 /* HeaderFiles */,
				A3B528FC1D49E1F200603451 /* IQKeyboardManager */,
				A32FFAEC1D5CC83D00C1A519 /* TransctionHistory */,
				A3D65AB51D4652EF00B47E46 /* LaunchScreen */,
				A3C3C83D1D3DF1AF00C65B09 /* Login */,
				A3C3C89E1D3F837A00C65B09 /* Registration */,
				A3D65AB61D46530000B47E46 /* Dashboard */,
				A3B529331D49E21F00603451 /* AboutView */,
				A3B529321D49E21400603451 /* Notifications */,
				A3B529301D49E1FC00603451 /* Signature */,
				A3D65A961D461A5B00B47E46 /* SlideMenu */,
				A38968641D40DDFD00FA8F14 /* Social accounts */,
				A3C3C8AB1D3FB4B200C65B09 /* Loan */,
				671C44441D4093C3000C94A0 /* Mobile Wallet */,
				A3C3C8971D3F7E6100C65B09 /* AccountProfile */,
				A3253D191D3C9DE90081A59C /* Main.storyboard */,
				A3253D1C1D3C9DE90081A59C /* Assets.xcassets */,
				A3253D1E1D3C9DE90081A59C /* LaunchScreen.storyboard */,
				A3253D211D3C9DE90081A59C /* Info.plist */,
				A3253D101D3C9DE90081A59C /* Supporting Files */,
			);
			path = SocialPockets;
			sourceTree = "<group>";
		};
		A3253D101D3C9DE90081A59C /* Supporting Files */ = {
			isa = PBXGroup;
			children = (
				A3253D111D3C9DE90081A59C /* main.m */,
				A3C3C84D1D3DF2A200C65B09 /* SocialPockets-Prefix.pch */,
			);
			name = "Supporting Files";
			sourceTree = "<group>";
		};
		A32FFAD51D5C9BFF00C1A519 /* Database */ = {
			isa = PBXGroup;
			children = (
				A32FFAD21D5C9BBA00C1A519 /* SocialPockets.xcdatamodeld */,
				A32FFAE31D5C9D6E00C1A519 /* DatabaseObject.h */,
				A32FFAE41D5C9D6E00C1A519 /* DatabaseObject.m */,
				A32FFAE91D5CA2E500C1A519 /* UserProfileObject.h */,
				A32FFAEA1D5CA2E500C1A519 /* UserProfileObject.m */,
				A32FFAE61D5C9F1600C1A519 /* TransactionObjectModel.h */,
				A32FFAE71D5C9F1600C1A519 /* TransactionObjectModel.m */,
				A32FFAE21D5C9D4C00C1A519 /* Entities */,
			);
			name = Database;
			sourceTree = "<group>";
		};
		A32FFAE21D5C9D4C00C1A519 /* Entities */ = {
			isa = PBXGroup;
			children = (
				A32FFAD61D5C9D4700C1A519 /* UserDetails+CoreDataProperties.h */,
				A32FFAD71D5C9D4700C1A519 /* UserDetails+CoreDataProperties.m */,
				A32FFAD81D5C9D4700C1A519 /* UserDetails.h */,
				A32FFAD91D5C9D4700C1A519 /* UserDetails.m */,
				A32FFADA1D5C9D4700C1A519 /* TransactionHistory+CoreDataProperties.h */,
				A32FFADB1D5C9D4700C1A519 /* TransactionHistory+CoreDataProperties.m */,
				A32FFADC1D5C9D4700C1A519 /* TransactionHistory.h */,
				A32FFADD1D5C9D4700C1A519 /* TransactionHistory.m */,
			);
			name = Entities;
			sourceTree = "<group>";
		};
		A32FFAEC1D5CC83D00C1A519 /* TransctionHistory */ = {
			isa = PBXGroup;
			children = (
				A3DB484A1D4F8B180047EDF2 /* TransactionHistoryViewController.h */,
				A3DB484B1D4F8B180047EDF2 /* TransactionHistoryViewController.m */,
			);
			name = TransctionHistory;
			sourceTree = "<group>";
		};
		A38823E81D5AF569008042D9 /* Activity */ = {
			isa = PBXGroup;
			children = (
				A38823E21D5AF566008042D9 /* ActivityIndicatior.h */,
				A38823E31D5AF566008042D9 /* ActivityIndicatior.m */,
				A38823E41D5AF566008042D9 /* MessagePopUpView.h */,
				A38823E51D5AF566008042D9 /* MessagePopUpView.m */,
			);
			name = Activity;
			sourceTree = "<group>";
		};
		A38823F11D5B7161008042D9 /* RobotoFonts */ = {
			isa = PBXGroup;
			children = (
				A38823E91D5B7158008042D9 /* Roboto-Bold.ttf */,
				A38823EA1D5B7158008042D9 /* Roboto-Light.ttf */,
				A38823EB1D5B7158008042D9 /* Roboto-Medium.ttf */,
				A38823EC1D5B7158008042D9 /* Roboto-Regular.ttf */,
			);
			name = RobotoFonts;
			sourceTree = "<group>";
		};
		A38968641D40DDFD00FA8F14 /* Social accounts */ = {
			isa = PBXGroup;
			children = (
				A389685E1D40DDF000FA8F14 /* SocialHelper.h */,
				A389685F1D40DDF000FA8F14 /* SocialHelper.m */,
				A38968601D40DDF000FA8F14 /* SocialSiteViewController.h */,
				A38968611D40DDF000FA8F14 /* SocialSiteViewController.m */,
			);
			name = "Social accounts";
			sourceTree = "<group>";
		};
		A38968681D40DF0400FA8F14 /* HeaderFiles */ = {
			isa = PBXGroup;
			children = (
				A3C3C83E1D3DF1E000C65B09 /* Constants.h */,
				A3C3C84C1D3DF22800C65B09 /* ApiHeader.h */,
			);
			name = HeaderFiles;
			sourceTree = "<group>";
		};
		A38968691D40DF1600FA8F14 /* SharedMethods */ = {
			isa = PBXGroup;
			children = (
				A389685B1D40DD3F00FA8F14 /* SharedMethods.h */,
				A389685C1D40DD3F00FA8F14 /* SharedMethods.m */,
			);
			name = SharedMethods;
			sourceTree = "<group>";
		};
		A3AEDD071D5DCD9B007FE5C9 /* Testfairy */ = {
			isa = PBXGroup;
			children = (
				A3AEDD041D5DCD97007FE5C9 /* libTestFairy.a */,
				A3AEDD051D5DCD97007FE5C9 /* TestFairy.h */,
			);
			name = Testfairy;
			sourceTree = "<group>";
		};
		A3B528FC1D49E1F200603451 /* IQKeyboardManager */ = {
			isa = PBXGroup;
			children = (
				A3B528FD1D49E1F200603451 /* Categories */,
				A3B5290A1D49E1F200603451 /* Constants */,
				A3B5290D1D49E1F200603451 /* IQKeyboardManager.h */,
				A3B5290E1D49E1F200603451 /* IQKeyboardManager.m */,
				A3B5290F1D49E1F200603451 /* IQKeyboardReturnKeyHandler.h */,
				A3B529101D49E1F200603451 /* IQKeyboardReturnKeyHandler.m */,
				A3B529111D49E1F200603451 /* IQTextView */,
				A3B529141D49E1F200603451 /* IQToolbar */,
				A3B5291F1D49E1F200603451 /* Resources */,
			);
			path = IQKeyboardManager;
			sourceTree = "<group>";
		};
		A3B528FD1D49E1F200603451 /* Categories */ = {
			isa = PBXGroup;
			children = (
				A3B528FE1D49E1F200603451 /* IQNSArray+Sort.h */,
				A3B528FF1D49E1F200603451 /* IQNSArray+Sort.m */,
				A3B529001D49E1F200603451 /* IQUIScrollView+Additions.h */,
				A3B529011D49E1F200603451 /* IQUIScrollView+Additions.m */,
				A3B529021D49E1F200603451 /* IQUITextFieldView+Additions.h */,
				A3B529031D49E1F200603451 /* IQUITextFieldView+Additions.m */,
				A3B529041D49E1F200603451 /* IQUIView+Hierarchy.h */,
				A3B529051D49E1F200603451 /* IQUIView+Hierarchy.m */,
				A3B529061D49E1F200603451 /* IQUIViewController+Additions.h */,
				A3B529071D49E1F200603451 /* IQUIViewController+Additions.m */,
				A3B529081D49E1F200603451 /* IQUIWindow+Hierarchy.h */,
				A3B529091D49E1F200603451 /* IQUIWindow+Hierarchy.m */,
			);
			path = Categories;
			sourceTree = "<group>";
		};
		A3B5290A1D49E1F200603451 /* Constants */ = {
			isa = PBXGroup;
			children = (
				A3B5290B1D49E1F200603451 /* IQKeyboardManagerConstants.h */,
				A3B5290C1D49E1F200603451 /* IQKeyboardManagerConstantsInternal.h */,
			);
			path = Constants;
			sourceTree = "<group>";
		};
		A3B529111D49E1F200603451 /* IQTextView */ = {
			isa = PBXGroup;
			children = (
				A3B529121D49E1F200603451 /* IQTextView.h */,
				A3B529131D49E1F200603451 /* IQTextView.m */,
			);
			path = IQTextView;
			sourceTree = "<group>";
		};
		A3B529141D49E1F200603451 /* IQToolbar */ = {
			isa = PBXGroup;
			children = (
				A3B529151D49E1F200603451 /* IQBarButtonItem.h */,
				A3B529161D49E1F200603451 /* IQBarButtonItem.m */,
				A3B529171D49E1F200603451 /* IQPreviousNextView.h */,
				A3B529181D49E1F200603451 /* IQPreviousNextView.m */,
				A3B529191D49E1F200603451 /* IQTitleBarButtonItem.h */,
				A3B5291A1D49E1F200603451 /* IQTitleBarButtonItem.m */,
				A3B5291B1D49E1F200603451 /* IQToolbar.h */,
				A3B5291C1D49E1F200603451 /* IQToolbar.m */,
				A3B5291D1D49E1F200603451 /* IQUIView+IQKeyboardToolbar.h */,
				A3B5291E1D49E1F200603451 /* IQUIView+IQKeyboardToolbar.m */,
			);
			path = IQToolbar;
			sourceTree = "<group>";
		};
		A3B5291F1D49E1F200603451 /* Resources */ = {
			isa = PBXGroup;
			children = (
				A3B529201D49E1F200603451 /* IQKeyboardManager.bundle */,
			);
			path = Resources;
			sourceTree = "<group>";
		};
		A3B529301D49E1FC00603451 /* Signature */ = {
			isa = PBXGroup;
			children = (
				A3B528F61D49E13000603451 /* SignatureView.h */,
				A3B528F71D49E13000603451 /* SignatureView.m */,
				A3B528F81D49E13000603451 /* SignatureViewController.h */,
				A3B528F91D49E13000603451 /* SignatureViewController.m */,
			);
			name = Signature;
			sourceTree = "<group>";
		};
		A3B529311D49E20500603451 /* ApplyLoan */ = {
			isa = PBXGroup;
			children = (
				6777A4CB1D4A2FF600BF1EC3 /* close_round_button.png */,
				6777A4C91D4A1EE100BF1EC3 /* Calendar_icon.png */,
				A3B528F01D49DE7200603451 /* ApplyLoanViewController.h */,
				A3B528F11D49DE7200603451 /* ApplyLoanViewController.m */,
				6777A4C31D4A008C00BF1EC3 /* RequestConfirmationViewController.h */,
				6777A4C41D4A008C00BF1EC3 /* RequestConfirmationViewController.m */,
				A3EAA2B21D4762210013A952 /* AddBankAccountController.h */,
				A3EAA2B31D4762210013A952 /* AddBankAccountController.m */,
			);
			name = ApplyLoan;
			sourceTree = "<group>";
		};
		A3B529321D49E21400603451 /* Notifications */ = {
			isa = PBXGroup;
			children = (
				A39209731D48E0B600EBCC6F /* NotificationViewController.h */,
				A39209741D48E0B600EBCC6F /* NotificationViewController.m */,
			);
			name = Notifications;
			sourceTree = "<group>";
		};
		A3B529331D49E21F00603451 /* AboutView */ = {
			isa = PBXGroup;
			children = (
				A3B528F31D49E09B00603451 /* AboutUsViewController.h */,
				A3B528F41D49E09B00603451 /* AboutUsViewController.m */,
			);
			name = AboutView;
			sourceTree = "<group>";
		};
		A3C3C83D1D3DF1AF00C65B09 /* Login */ = {
			isa = PBXGroup;
			children = (
				A38968651D40DE1A00FA8F14 /* LoginViewController.h */,
				A38968661D40DE1A00FA8F14 /* LoginViewController.m */,
				A3C3C83A1D3DF09F00C65B09 /* LoginHelper.h */,
				A3C3C83B1D3DF09F00C65B09 /* LoginHelper.m */,
				FBFC66741D58A0480087F50B /* ForgotPasswordViewController.h */,
				FBFC66751D58A0480087F50B /* ForgotPasswordViewController.m */,
			);
			name = Login;
			sourceTree = "<group>";
		};
		A3C3C84B1D3DF1E700C65B09 /* Network */ = {
			isa = PBXGroup;
			children = (
				A38823E81D5AF569008042D9 /* Activity */,
				A3C3C83F1D3DF1E000C65B09 /* NetworkHelperClass.h */,
				A3C3C8401D3DF1E000C65B09 /* NetworkHelperClass.m */,
				A3C3C8411D3DF1E000C65B09 /* NSJSONSerialization+RemovingNulls.h */,
				A3C3C8421D3DF1E000C65B09 /* NSJSONSerialization+RemovingNulls.m */,
				A3C3C8431D3DF1E000C65B09 /* NSURLSession+SynchronousTask.h */,
				A3C3C8441D3DF1E000C65B09 /* NSURLSession+SynchronousTask.m */,
				A3C3C8451D3DF1E000C65B09 /* Reachability.h */,
				A3C3C8461D3DF1E000C65B09 /* Reachability.m */,
			);
			name = Network;
			sourceTree = "<group>";
		};
		A3C3C8511D3DFCA700C65B09 /* Categories */ = {
			isa = PBXGroup;
			children = (
				A3C3C84E1D3DF7D500C65B09 /* NSString+AdditionalMethods.h */,
				A3C3C84F1D3DF7D500C65B09 /* NSString+AdditionalMethods.m */,
			);
			name = Categories;
			sourceTree = "<group>";
		};
		A3C3C8891D3F4AE300C65B09 /* SocialPocketsTests */ = {
			isa = PBXGroup;
			children = (
				A3C3C88A1D3F4AE300C65B09 /* SocialPocketsTests.m */,
				A3C3C88C1D3F4AE300C65B09 /* Info.plist */,
			);
			path = SocialPocketsTests;
			sourceTree = "<group>";
		};
		A3C3C8971D3F7E6100C65B09 /* AccountProfile */ = {
			isa = PBXGroup;
			children = (
				677A83D51D6327F800CCF822 /* RRCircleView.h */,
				677A83D41D6327F800CCF822 /* RRCircleView.m */,
				A3C3C89F1D3F86CF00C65B09 /* ProfileViewController.h */,
				A3C3C8A01D3F86CF00C65B09 /* ProfileViewController.m */,
				A3C3C8A21D3F86EC00C65B09 /* ProfileModel.h */,
				A3C3C8A31D3F86EC00C65B09 /* ProfileModel.m */,
				A3C3C8941D3F7B2F00C65B09 /* ChangePasswordController.h */,
				A3C3C8951D3F7B2F00C65B09 /* ChangePasswordController.m */,
			);
			name = AccountProfile;
			sourceTree = "<group>";
		};
		A3C3C89E1D3F837A00C65B09 /* Registration */ = {
			isa = PBXGroup;
			children = (
				A3C3C89B1D3F837700C65B09 /* RegistrationViewController.h */,
				A3C3C89C1D3F837700C65B09 /* RegistrationViewController.m */,
				A3C3C8A51D3F928C00C65B09 /* OTPViewController.h */,
				A3C3C8A61D3F928C00C65B09 /* OTPViewController.m */,
				A3C3C8981D3F837000C65B09 /* RegistrationModel.h */,
				A3C3C8991D3F837000C65B09 /* RegistrationModel.m */,
				A3D65AA31D46364E00B47E46 /* BackGroud_Home.png */,
				A3D65AA51D46368800B47E46 /* HowItWorks.png */,
				A3D65AA71D46386500B47E46 /* loan.jpg */,
				A3D65AA81D46386500B47E46 /* mobile pocket.jpg */,
				A3D65AA91D46386500B47E46 /* rating.jpg */,
				A3D65AAA1D46386500B47E46 /* Social.jpg */,
				A3D65AAF1D4639F700B47E46 /* BackGround_Login.png */,
				A3D65AB21D463A0F00B47E46 /* sp logo.png */,
			);
			name = Registration;
			sourceTree = "<group>";
		};
		A3C3C8AB1D3FB4B200C65B09 /* Loan */ = {
			isa = PBXGroup;
			children = (
				A3B529311D49E20500603451 /* ApplyLoan */,
				A3C3C8A81D3FB4AF00C65B09 /* LoanHelper.h */,
				A3C3C8A91D3FB4AF00C65B09 /* LoanHelper.m */,
				671C44411D4091E4000C94A0 /* LoanViewController.h */,
				671C44421D4091E4000C94A0 /* LoanViewController.m */,
				6777A4C61D4A125300BF1EC3 /* RepayLoanViewController.h */,
				6777A4C71D4A125300BF1EC3 /* RepayLoanViewController.m */,
			);
			name = Loan;
			sourceTree = "<group>";
		};
		A3D65A961D461A5B00B47E46 /* SlideMenu */ = {
			isa = PBXGroup;
			children = (
				A3D65A8C1D461A5700B47E46 /* MFSideMenu.h */,
				A3D65A8D1D461A5700B47E46 /* MFSideMenuContainerViewController.h */,
				A3D65A8E1D461A5700B47E46 /* MFSideMenuContainerViewController.m */,
				A3D65A8F1D461A5700B47E46 /* MFSideMenuShadow.h */,
				A3D65A901D461A5700B47E46 /* MFSideMenuShadow.m */,
				A3D65A911D461A5700B47E46 /* UIViewController+MFSideMenuAdditions.h */,
				A3D65A921D461A5700B47E46 /* UIViewController+MFSideMenuAdditions.m */,
			);
			name = SlideMenu;
			sourceTree = "<group>";
		};
		A3D65AB51D4652EF00B47E46 /* LaunchScreen */ = {
			isa = PBXGroup;
			children = (
				A3253D161D3C9DE90081A59C /* ViewController.h */,
				A3253D171D3C9DE90081A59C /* ViewController.m */,
			);
			name = LaunchScreen;
			sourceTree = "<group>";
		};
		A3D65AB61D46530000B47E46 /* Dashboard */ = {
			isa = PBXGroup;
			children = (
				A3BFCB5A1D48B02400D99D78 /* bg@3x.png */,
				A3D65A861D4619A200B47E46 /* RearViewController.h */,
				A3D65A871D4619A200B47E46 /* RearViewController.m */,
				A3D65A891D4619AF00B47E46 /* DashBoardViewController.h */,
				A3D65A8A1D4619AF00B47E46 /* DashBoardViewController.m */,
				A3D65A971D461AD100B47E46 /* CustomNavigationController.h */,
				A3D65A981D461AD100B47E46 /* CustomNavigationController.m */,
				A3083F921D59E1C200476BA3 /* CircleProgressView.h */,
				A3083F931D59E1C200476BA3 /* CircleProgressView.m */,
			);
			name = Dashboard;
			sourceTree = "<group>";
		};
		FBAAB82A1D422B81001C918B /* FrameWork */ = {
			isa = PBXGroup;
			children = (
				FBAAB82C1D422B97001C918B /* Facebook */,
				FBAAB82B1D422B90001C918B /* Twitter */,
			);
			name = FrameWork;
			path = SocialPockets;
			sourceTree = "<group>";
		};
		FBAAB82B1D422B90001C918B /* Twitter */ = {
			isa = PBXGroup;
			children = (
			);
			name = Twitter;
			sourceTree = "<group>";
		};
		FBAAB82C1D422B97001C918B /* Facebook */ = {
			isa = PBXGroup;
			children = (
				FBAAB8331D4239D7001C918B /* FBSDKCoreKit.framework */,
				FBAAB8341D4239D7001C918B /* FBSDKLoginKit.framework */,
				FBAAB8351D4239D7001C918B /* FBSDKShareKit.framework */,
			);
			name = Facebook;
			sourceTree = "<group>";
		};
		FBB3A4ED1D4F55F9001A7408 /* ManageAccounts */ = {
			isa = PBXGroup;
			children = (
				FBB3A4F81D4F570B001A7408 /* ManageAccountsViewController.h */,
				FBB3A4F91D4F570B001A7408 /* ManageAccountsViewController.m */,
				FBB3A4EE1D4F56CA001A7408 /* CollectionTableViewCell.h */,
				FBB3A4EF1D4F56CA001A7408 /* CollectionTableViewCell.m */,
				FBB3A4F01D4F56CA001A7408 /* CollectionTableViewCell.xib */,
				FBB3A4F31D4F56E1001A7408 /* TableCollectionViewCell.h */,
				FBB3A4F41D4F56E1001A7408 /* TableCollectionViewCell.m */,
				FBB3A4F51D4F56E1001A7408 /* TableCollectionViewCell.xib */,
			);
			name = ManageAccounts;
			sourceTree = "<group>";
		};
/* End PBXGroup section */

/* Begin PBXNativeTarget section */
		A3253D0C1D3C9DE90081A59C /* SocialPockets */ = {
			isa = PBXNativeTarget;
			buildConfigurationList = A3253D241D3C9DE90081A59C /* Build configuration list for PBXNativeTarget "SocialPockets" */;
			buildPhases = (
				906D597897E4466B632ECFA7 /* [CP] Check Pods Manifest.lock */,
				A3253D091D3C9DE90081A59C /* Sources */,
				A3253D0A1D3C9DE90081A59C /* Frameworks */,
				A3253D0B1D3C9DE90081A59C /* Resources */,
				1AA4AB063038C0AFD08C5C80 /* [CP] Embed Pods Frameworks */,
				21A176EA3F6714CF05E794E4 /* [CP] Copy Pods Resources */,
				A3D65A851D460BA100B47E46 /* Embed Frameworks */,
			);
			buildRules = (
			);
			dependencies = (
			);
			name = SocialPockets;
			productName = SocialPockets;
			productReference = A3253D0D1D3C9DE90081A59C /* SocialPockets.app */;
			productType = "com.apple.product-type.application";
		};
		A3C3C8871D3F4AE300C65B09 /* SocialPocketsTests */ = {
			isa = PBXNativeTarget;
			buildConfigurationList = A3C3C8911D3F4AE300C65B09 /* Build configuration list for PBXNativeTarget "SocialPocketsTests" */;
			buildPhases = (
				A3C3C8841D3F4AE300C65B09 /* Sources */,
				A3C3C8851D3F4AE300C65B09 /* Frameworks */,
				A3C3C8861D3F4AE300C65B09 /* Resources */,
			);
			buildRules = (
			);
			dependencies = (
				A3C3C88E1D3F4AE300C65B09 /* PBXTargetDependency */,
			);
			name = SocialPocketsTests;
			productName = SocialPocketsTests;
			productReference = A3C3C8881D3F4AE300C65B09 /* SocialPocketsTests.xctest */;
			productType = "com.apple.product-type.bundle.unit-test";
		};
/* End PBXNativeTarget section */

/* Begin PBXProject section */
		A3253D051D3C9DE90081A59C /* Project object */ = {
			isa = PBXProject;
			attributes = {
				LastUpgradeCheck = 0720;
				ORGANIZATIONNAME = Pandiyaraj;
				TargetAttributes = {
					A3253D0C1D3C9DE90081A59C = {
						CreatedOnToolsVersion = 7.2;
						DevelopmentTeam = 9W5W4S5PA3;
					};
					A3C3C8871D3F4AE300C65B09 = {
						CreatedOnToolsVersion = 7.2;
						TestTargetID = A3253D0C1D3C9DE90081A59C;
					};
				};
			};
			buildConfigurationList = A3253D081D3C9DE90081A59C /* Build configuration list for PBXProject "SocialPockets" */;
			compatibilityVersion = "Xcode 3.2";
			developmentRegion = English;
			hasScannedForEncodings = 0;
			knownRegions = (
				en,
				Base,
			);
			mainGroup = A3253D041D3C9DE90081A59C;
			productRefGroup = A3253D0E1D3C9DE90081A59C /* Products */;
			projectDirPath = "";
			projectRoot = "";
			targets = (
				A3253D0C1D3C9DE90081A59C /* SocialPockets */,
				A3C3C8871D3F4AE300C65B09 /* SocialPocketsTests */,
			);
		};
/* End PBXProject section */

/* Begin PBXResourcesBuildPhase section */
		A3253D0B1D3C9DE90081A59C /* Resources */ = {
			isa = PBXResourcesBuildPhase;
			buildActionMask = 2147483647;
			files = (
				A3D65AAD1D46386500B47E46 /* rating.jpg in Resources */,
				6777A4CC1D4A2FF600BF1EC3 /* close_round_button.png in Resources */,
				A38823ED1D5B7158008042D9 /* Roboto-Bold.ttf in Resources */,
				FB0342F61D54AE4C00C11019 /* NotificationBG6Splus.png in Resources */,
				FB0342F41D54AE4C00C11019 /* NotificationBG4S.png in Resources */,
				A38823EF1D5B7158008042D9 /* Roboto-Medium.ttf in Resources */,
				A3BFCB5B1D48B02400D99D78 /* bg@3x.png in Resources */,
				A3253D201D3C9DE90081A59C /* LaunchScreen.storyboard in Resources */,
				A3253D1D1D3C9DE90081A59C /* Assets.xcassets in Resources */,
				6777A4CA1D4A1EE100BF1EC3 /* Calendar_icon.png in Resources */,
				A38823F01D5B7158008042D9 /* Roboto-Regular.ttf in Resources */,
				A3B5292F1D49E1F200603451 /* IQKeyboardManager.bundle in Resources */,
				A3D65AA61D46368800B47E46 /* HowItWorks.png in Resources */,
				A3D65AAE1D46386500B47E46 /* Social.jpg in Resources */,
				FBB3A4F21D4F56CA001A7408 /* CollectionTableViewCell.xib in Resources */,
				FBAAB8291D422888001C918B /* Podfile in Resources */,
				A38823EE1D5B7158008042D9 /* Roboto-Light.ttf in Resources */,
				A3D65AA41D46364E00B47E46 /* BackGroud_Home.png in Resources */,
				A3D65AB01D4639F700B47E46 /* BackGround_Login.png in Resources */,
				FB0342F31D54AE4C00C11019 /* NotificationBG.png in Resources */,
				FBB3A4F71D4F56E1001A7408 /* TableCollectionViewCell.xib in Resources */,
				A3253D1B1D3C9DE90081A59C /* Main.storyboard in Resources */,
				FB0342F51D54AE4C00C11019 /* NotificationBG6S.png in Resources */,
				A3D65AAC1D46386500B47E46 /* mobile pocket.jpg in Resources */,
				A3D65AB41D463A0F00B47E46 /* sp logo.png in Resources */,
				A3D65AAB1D46386500B47E46 /* loan.jpg in Resources */,
			);
			runOnlyForDeploymentPostprocessing = 0;
		};
		A3C3C8861D3F4AE300C65B09 /* Resources */ = {
			isa = PBXResourcesBuildPhase;
			buildActionMask = 2147483647;
			files = (
			);
			runOnlyForDeploymentPostprocessing = 0;
		};
/* End PBXResourcesBuildPhase section */

/* Begin PBXShellScriptBuildPhase section */
		1AA4AB063038C0AFD08C5C80 /* [CP] Embed Pods Frameworks */ = {
			isa = PBXShellScriptBuildPhase;
			buildActionMask = 2147483647;
			files = (
			);
			inputPaths = (
			);
			name = "[CP] Embed Pods Frameworks";
			outputPaths = (
			);
			runOnlyForDeploymentPostprocessing = 0;
			shellPath = /bin/sh;
			shellScript = "\"${SRCROOT}/Pods/Target Support Files/Pods-SocialPockets/Pods-SocialPockets-frameworks.sh\"\n";
			showEnvVarsInLog = 0;
		};
		21A176EA3F6714CF05E794E4 /* [CP] Copy Pods Resources */ = {
			isa = PBXShellScriptBuildPhase;
			buildActionMask = 2147483647;
			files = (
			);
			inputPaths = (
			);
			name = "[CP] Copy Pods Resources";
			outputPaths = (
			);
			runOnlyForDeploymentPostprocessing = 0;
			shellPath = /bin/sh;
			shellScript = "\"${SRCROOT}/Pods/Target Support Files/Pods-SocialPockets/Pods-SocialPockets-resources.sh\"\n";
			showEnvVarsInLog = 0;
		};
		906D597897E4466B632ECFA7 /* [CP] Check Pods Manifest.lock */ = {
			isa = PBXShellScriptBuildPhase;
			buildActionMask = 2147483647;
			files = (
			);
			inputPaths = (
			);
			name = "[CP] Check Pods Manifest.lock";
			outputPaths = (
			);
			runOnlyForDeploymentPostprocessing = 0;
			shellPath = /bin/sh;
			shellScript = "diff \"${PODS_ROOT}/../Podfile.lock\" \"${PODS_ROOT}/Manifest.lock\" > /dev/null\nif [[ $? != 0 ]] ; then\n    cat << EOM\nerror: The sandbox is not in sync with the Podfile.lock. Run 'pod install' or update your CocoaPods installation.\nEOM\n    exit 1\nfi\n";
			showEnvVarsInLog = 0;
		};
/* End PBXShellScriptBuildPhase section */

/* Begin PBXSourcesBuildPhase section */
		A3253D091D3C9DE90081A59C /* Sources */ = {
			isa = PBXSourcesBuildPhase;
			buildActionMask = 2147483647;
			files = (
				6777A4C81D4A125300BF1EC3 /* RepayLoanViewController.m in Sources */,
				A3253D181D3C9DE90081A59C /* ViewController.m in Sources */,
				A3DB484C1D4F8B180047EDF2 /* TransactionHistoryViewController.m in Sources */,
				A3B529281D49E1F200603451 /* IQKeyboardReturnKeyHandler.m in Sources */,
				A3B5292A1D49E1F200603451 /* IQBarButtonItem.m in Sources */,
				A3B529251D49E1F200603451 /* IQUIViewController+Additions.m in Sources */,
				A3B529221D49E1F200603451 /* IQUIScrollView+Additions.m in Sources */,
				A3C3C8AA1D3FB4AF00C65B09 /* LoanHelper.m in Sources */,
				A3D65A991D461AD100B47E46 /* CustomNavigationController.m in Sources */,
				A3B528FA1D49E13000603451 /* SignatureView.m in Sources */,
				A3B5292B1D49E1F200603451 /* IQPreviousNextView.m in Sources */,
				FBFC66761D58A0480087F50B /* ForgotPasswordViewController.m in Sources */,
				A3B529291D49E1F200603451 /* IQTextView.m in Sources */,
				A3C3C89D1D3F837700C65B09 /* RegistrationViewController.m in Sources */,
				A32FFADE1D5C9D4700C1A519 /* UserDetails+CoreDataProperties.m in Sources */,
				A3B5292D1D49E1F200603451 /* IQToolbar.m in Sources */,
				FBB3A4F11D4F56CA001A7408 /* CollectionTableViewCell.m in Sources */,
				A3D65A8B1D4619AF00B47E46 /* DashBoardViewController.m in Sources */,
				A3D65A941D461A5700B47E46 /* MFSideMenuShadow.m in Sources */,
				A3C3C8491D3DF1E000C65B09 /* NSURLSession+SynchronousTask.m in Sources */,
				A32FFADF1D5C9D4700C1A519 /* UserDetails.m in Sources */,
				677A83D61D6327F800CCF822 /* RRCircleView.m in Sources */,
				6777A4C51D4A008C00BF1EC3 /* RequestConfirmationViewController.m in Sources */,
				A3C3C84A1D3DF1E000C65B09 /* Reachability.m in Sources */,
				A32FFAE51D5C9D6E00C1A519 /* DatabaseObject.m in Sources */,
				A3C3C89A1D3F837000C65B09 /* RegistrationModel.m in Sources */,
				A389685D1D40DD3F00FA8F14 /* SharedMethods.m in Sources */,
				A3C3C8501D3DF7D500C65B09 /* NSString+AdditionalMethods.m in Sources */,
				A3B5292E1D49E1F200603451 /* IQUIView+IQKeyboardToolbar.m in Sources */,
				A3C3C8961D3F7B2F00C65B09 /* ChangePasswordController.m in Sources */,
				671C44471D4094CA000C94A0 /* BankAccHelper.m in Sources */,
				A3EAA2B41D4762210013A952 /* AddBankAccountController.m in Sources */,
				A3D65A951D461A5700B47E46 /* UIViewController+MFSideMenuAdditions.m in Sources */,
				A32FFAD41D5C9BBA00C1A519 /* SocialPockets.xcdatamodeld in Sources */,
				A32FFAE81D5C9F1600C1A519 /* TransactionObjectModel.m in Sources */,
				A3C3C8A41D3F86EC00C65B09 /* ProfileModel.m in Sources */,
				A3B529231D49E1F200603451 /* IQUITextFieldView+Additions.m in Sources */,
				A3C3C83C1D3DF09F00C65B09 /* LoginHelper.m in Sources */,
				A38968621D40DDF000FA8F14 /* SocialHelper.m in Sources */,
				A3083F941D59E1C200476BA3 /* CircleProgressView.m in Sources */,
				A32FFAE01D5C9D4700C1A519 /* TransactionHistory+CoreDataProperties.m in Sources */,
				A3253D151D3C9DE90081A59C /* AppDelegate.m in Sources */,
				A3C3C8A11D3F86CF00C65B09 /* ProfileViewController.m in Sources */,
				A3B528F51D49E09B00603451 /* AboutUsViewController.m in Sources */,
				A3B529241D49E1F200603451 /* IQUIView+Hierarchy.m in Sources */,
				A38968631D40DDF000FA8F14 /* SocialSiteViewController.m in Sources */,
				A3B529261D49E1F200603451 /* IQUIWindow+Hierarchy.m in Sources */,
				FB06EF0E1D644D2C00ABF8FE /* ProgressViewController.m in Sources */,
				A32FFAE11D5C9D4700C1A519 /* TransactionHistory.m in Sources */,
				A3C3C8A71D3F928C00C65B09 /* OTPViewController.m in Sources */,
				A3B529211D49E1F200603451 /* IQNSArray+Sort.m in Sources */,
				A32FFAEB1D5CA2E500C1A519 /* UserProfileObject.m in Sources */,
				A3D65A881D4619A200B47E46 /* RearViewController.m in Sources */,
				A3B5292C1D49E1F200603451 /* IQTitleBarButtonItem.m in Sources */,
				A39209751D48E0B600EBCC6F /* NotificationViewController.m in Sources */,
				671C44431D4091E4000C94A0 /* LoanViewController.m in Sources */,
				FBB3A4F61D4F56E1001A7408 /* TableCollectionViewCell.m in Sources */,
				A3253D121D3C9DE90081A59C /* main.m in Sources */,
				A3C3C8471D3DF1E000C65B09 /* NetworkHelperClass.m in Sources */,
				A38968671D40DE1A00FA8F14 /* LoginViewController.m in Sources */,
				A3C3C8481D3DF1E000C65B09 /* NSJSONSerialization+RemovingNulls.m in Sources */,
				A3B528F21D49DE7200603451 /* ApplyLoanViewController.m in Sources */,
				FBB3A4FA1D4F570B001A7408 /* ManageAccountsViewController.m in Sources */,
				A38823E71D5AF566008042D9 /* MessagePopUpView.m in Sources */,
				A3B529271D49E1F200603451 /* IQKeyboardManager.m in Sources */,
				A3D65A931D461A5700B47E46 /* MFSideMenuContainerViewController.m in Sources */,
				A3B528FB1D49E13000603451 /* SignatureViewController.m in Sources */,
				A38823E61D5AF566008042D9 /* ActivityIndicatior.m in Sources */,
			);
			runOnlyForDeploymentPostprocessing = 0;
		};
		A3C3C8841D3F4AE300C65B09 /* Sources */ = {
			isa = PBXSourcesBuildPhase;
			buildActionMask = 2147483647;
			files = (
				A3C3C88B1D3F4AE300C65B09 /* SocialPocketsTests.m in Sources */,
			);
			runOnlyForDeploymentPostprocessing = 0;
		};
/* End PBXSourcesBuildPhase section */

/* Begin PBXTargetDependency section */
		A3C3C88E1D3F4AE300C65B09 /* PBXTargetDependency */ = {
			isa = PBXTargetDependency;
			target = A3253D0C1D3C9DE90081A59C /* SocialPockets */;
			targetProxy = A3C3C88D1D3F4AE300C65B09 /* PBXContainerItemProxy */;
		};
/* End PBXTargetDependency section */

/* Begin PBXVariantGroup section */
		A3253D191D3C9DE90081A59C /* Main.storyboard */ = {
			isa = PBXVariantGroup;
			children = (
				A3253D1A1D3C9DE90081A59C /* Base */,
			);
			name = Main.storyboard;
			sourceTree = "<group>";
		};
		A3253D1E1D3C9DE90081A59C /* LaunchScreen.storyboard */ = {
			isa = PBXVariantGroup;
			children = (
				A3253D1F1D3C9DE90081A59C /* Base */,
			);
			name = LaunchScreen.storyboard;
			sourceTree = "<group>";
		};
/* End PBXVariantGroup section */

/* Begin XCBuildConfiguration section */
		A3253D221D3C9DE90081A59C /* Debug */ = {
			isa = XCBuildConfiguration;
			buildSettings = {
				ALWAYS_SEARCH_USER_PATHS = NO;
				CLANG_CXX_LANGUAGE_STANDARD = "gnu++0x";
				CLANG_CXX_LIBRARY = "libc++";
				CLANG_ENABLE_MODULES = YES;
				CLANG_ENABLE_OBJC_ARC = YES;
				CLANG_WARN_BOOL_CONVERSION = YES;
				CLANG_WARN_CONSTANT_CONVERSION = YES;
				CLANG_WARN_DIRECT_OBJC_ISA_USAGE = YES_ERROR;
				CLANG_WARN_EMPTY_BODY = YES;
				CLANG_WARN_ENUM_CONVERSION = YES;
				CLANG_WARN_INT_CONVERSION = YES;
				CLANG_WARN_OBJC_ROOT_CLASS = YES_ERROR;
				CLANG_WARN_UNREACHABLE_CODE = YES;
				CLANG_WARN__DUPLICATE_METHOD_MATCH = YES;
				"CODE_SIGN_IDENTITY[sdk=iphoneos*]" = "iPhone Developer";
				COPY_PHASE_STRIP = NO;
				DEBUG_INFORMATION_FORMAT = dwarf;
				ENABLE_STRICT_OBJC_MSGSEND = YES;
				ENABLE_TESTABILITY = YES;
				GCC_C_LANGUAGE_STANDARD = gnu99;
				GCC_DYNAMIC_NO_PIC = NO;
				GCC_NO_COMMON_BLOCKS = YES;
				GCC_OPTIMIZATION_LEVEL = 0;
				GCC_PREPROCESSOR_DEFINITIONS = (
					"DEBUG=1",
					"$(inherited)",
				);
				GCC_WARN_64_TO_32_BIT_CONVERSION = YES;
				GCC_WARN_ABOUT_RETURN_TYPE = YES_ERROR;
				GCC_WARN_UNDECLARED_SELECTOR = YES;
				GCC_WARN_UNINITIALIZED_AUTOS = YES_AGGRESSIVE;
				GCC_WARN_UNUSED_FUNCTION = YES;
				GCC_WARN_UNUSED_VARIABLE = YES;
				IPHONEOS_DEPLOYMENT_TARGET = 9.2;
				MTL_ENABLE_DEBUG_INFO = YES;
				ONLY_ACTIVE_ARCH = YES;
				SDKROOT = iphoneos;
			};
			name = Debug;
		};
		A3253D231D3C9DE90081A59C /* Release */ = {
			isa = XCBuildConfiguration;
			buildSettings = {
				ALWAYS_SEARCH_USER_PATHS = NO;
				CLANG_CXX_LANGUAGE_STANDARD = "gnu++0x";
				CLANG_CXX_LIBRARY = "libc++";
				CLANG_ENABLE_MODULES = YES;
				CLANG_ENABLE_OBJC_ARC = YES;
				CLANG_WARN_BOOL_CONVERSION = YES;
				CLANG_WARN_CONSTANT_CONVERSION = YES;
				CLANG_WARN_DIRECT_OBJC_ISA_USAGE = YES_ERROR;
				CLANG_WARN_EMPTY_BODY = YES;
				CLANG_WARN_ENUM_CONVERSION = YES;
				CLANG_WARN_INT_CONVERSION = YES;
				CLANG_WARN_OBJC_ROOT_CLASS = YES_ERROR;
				CLANG_WARN_UNREACHABLE_CODE = YES;
				CLANG_WARN__DUPLICATE_METHOD_MATCH = YES;
				"CODE_SIGN_IDENTITY[sdk=iphoneos*]" = "iPhone Developer";
				COPY_PHASE_STRIP = NO;
				DEBUG_INFORMATION_FORMAT = "dwarf-with-dsym";
				ENABLE_NS_ASSERTIONS = NO;
				ENABLE_STRICT_OBJC_MSGSEND = YES;
				GCC_C_LANGUAGE_STANDARD = gnu99;
				GCC_NO_COMMON_BLOCKS = YES;
				GCC_WARN_64_TO_32_BIT_CONVERSION = YES;
				GCC_WARN_ABOUT_RETURN_TYPE = YES_ERROR;
				GCC_WARN_UNDECLARED_SELECTOR = YES;
				GCC_WARN_UNINITIALIZED_AUTOS = YES_AGGRESSIVE;
				GCC_WARN_UNUSED_FUNCTION = YES;
				GCC_WARN_UNUSED_VARIABLE = YES;
				IPHONEOS_DEPLOYMENT_TARGET = 9.2;
				MTL_ENABLE_DEBUG_INFO = NO;
				SDKROOT = iphoneos;
				VALIDATE_PRODUCT = YES;
			};
			name = Release;
		};
		A3253D251D3C9DE90081A59C /* Debug */ = {
			isa = XCBuildConfiguration;
			baseConfigurationReference = EF9931AE443B4ADDC7E0B64A /* Pods-SocialPockets.debug.xcconfig */;
			buildSettings = {
				ASSETCATALOG_COMPILER_APPICON_NAME = AppIcon;
				ASSETCATALOG_COMPILER_LAUNCHIMAGE_NAME = LaunchImage;
				CODE_SIGN_IDENTITY = "iPhone Developer";
				"CODE_SIGN_IDENTITY[sdk=iphoneos*]" = "iPhone Developer";
				FRAMEWORK_SEARCH_PATHS = (
					"$(inherited)",
					"$(PROJECT_DIR)/SocialPockets",
					"$(PROJECT_DIR)",
				);
				GCC_PRECOMPILE_PREFIX_HEADER = YES;
				GCC_PREFIX_HEADER = "SocialPockets/SocialPockets-Prefix.pch";
				INFOPLIST_FILE = SocialPockets/Info.plist;
				IPHONEOS_DEPLOYMENT_TARGET = 8.0;
				LD_RUNPATH_SEARCH_PATHS = "$(inherited) @executable_path/Frameworks";
				LIBRARY_SEARCH_PATHS = (
					"$(inherited)",
					"$(PROJECT_DIR)/SocialPockets",
				);
				PRODUCT_BUNDLE_IDENTIFIER = com.ideas2it.SocialPocketsDev;
				PRODUCT_NAME = "$(TARGET_NAME)";
				PROVISIONING_PROFILE = "";
			};
			name = Debug;
		};
		A3253D261D3C9DE90081A59C /* Release */ = {
			isa = XCBuildConfiguration;
			baseConfigurationReference = 853DFEBFFD11370D4A6D76B8 /* Pods-SocialPockets.release.xcconfig */;
			buildSettings = {
				ASSETCATALOG_COMPILER_APPICON_NAME = AppIcon;
				ASSETCATALOG_COMPILER_LAUNCHIMAGE_NAME = LaunchImage;
				CODE_SIGN_IDENTITY = "iPhone Developer";
				"CODE_SIGN_IDENTITY[sdk=iphoneos*]" = "iPhone Developer";
				FRAMEWORK_SEARCH_PATHS = (
					"$(inherited)",
					"$(PROJECT_DIR)/SocialPockets",
					"$(PROJECT_DIR)",
				);
				GCC_PRECOMPILE_PREFIX_HEADER = YES;
				GCC_PREFIX_HEADER = "SocialPockets/SocialPockets-Prefix.pch";
				INFOPLIST_FILE = SocialPockets/Info.plist;
				IPHONEOS_DEPLOYMENT_TARGET = 8.0;
				LD_RUNPATH_SEARCH_PATHS = "$(inherited) @executable_path/Frameworks";
				LIBRARY_SEARCH_PATHS = (
					"$(inherited)",
					"$(PROJECT_DIR)/SocialPockets",
				);
				PRODUCT_BUNDLE_IDENTIFIER = com.ideas2it.SocialPocketsDev;
				PRODUCT_NAME = "$(TARGET_NAME)";
				PROVISIONING_PROFILE = "";
			};
			name = Release;
		};
		A3C3C88F1D3F4AE300C65B09 /* Debug */ = {
			isa = XCBuildConfiguration;
			buildSettings = {
				BUNDLE_LOADER = "$(TEST_HOST)";
				INFOPLIST_FILE = SocialPocketsTests/Info.plist;
				LD_RUNPATH_SEARCH_PATHS = "$(inherited) @executable_path/Frameworks @loader_path/Frameworks";
				PRODUCT_BUNDLE_IDENTIFIER = com.ideas2it.SocialPocketsTests;
				PRODUCT_NAME = "$(TARGET_NAME)";
				TEST_HOST = "$(BUILT_PRODUCTS_DIR)/SocialPockets.app/SocialPockets";
			};
			name = Debug;
		};
		A3C3C8901D3F4AE300C65B09 /* Release */ = {
			isa = XCBuildConfiguration;
			buildSettings = {
				BUNDLE_LOADER = "$(TEST_HOST)";
				INFOPLIST_FILE = SocialPocketsTests/Info.plist;
				LD_RUNPATH_SEARCH_PATHS = "$(inherited) @executable_path/Frameworks @loader_path/Frameworks";
				PRODUCT_BUNDLE_IDENTIFIER = com.ideas2it.SocialPocketsTests;
				PRODUCT_NAME = "$(TARGET_NAME)";
				TEST_HOST = "$(BUILT_PRODUCTS_DIR)/SocialPockets.app/SocialPockets";
			};
			name = Release;
		};
/* End XCBuildConfiguration section */

/* Begin XCConfigurationList section */
		A3253D081D3C9DE90081A59C /* Build configuration list for PBXProject "SocialPockets" */ = {
			isa = XCConfigurationList;
			buildConfigurations = (
				A3253D221D3C9DE90081A59C /* Debug */,
				A3253D231D3C9DE90081A59C /* Release */,
			);
			defaultConfigurationIsVisible = 0;
			defaultConfigurationName = Release;
		};
		A3253D241D3C9DE90081A59C /* Build configuration list for PBXNativeTarget "SocialPockets" */ = {
			isa = XCConfigurationList;
			buildConfigurations = (
				A3253D251D3C9DE90081A59C /* Debug */,
				A3253D261D3C9DE90081A59C /* Release */,
			);
			defaultConfigurationIsVisible = 0;
			defaultConfigurationName = Release;
		};
		A3C3C8911D3F4AE300C65B09 /* Build configuration list for PBXNativeTarget "SocialPocketsTests" */ = {
			isa = XCConfigurationList;
			buildConfigurations = (
				A3C3C88F1D3F4AE300C65B09 /* Debug */,
				A3C3C8901D3F4AE300C65B09 /* Release */,
			);
			defaultConfigurationIsVisible = 0;
			defaultConfigurationName = Release;
		};
/* End XCConfigurationList section */

/* Begin XCVersionGroup section */
		A32FFAD21D5C9BBA00C1A519 /* SocialPockets.xcdatamodeld */ = {
			isa = XCVersionGroup;
			children = (
				A32FFAD31D5C9BBA00C1A519 /* SocialPockets.xcdatamodel */,
			);
			currentVersion = A32FFAD31D5C9BBA00C1A519 /* SocialPockets.xcdatamodel */;
			path = SocialPockets.xcdatamodeld;
			sourceTree = "<group>";
			versionGroupType = wrapper.xcdatamodel;
		};
/* End XCVersionGroup section */
	};
	rootObject = A3253D051D3C9DE90081A59C /* Project object */;
}
